// !$*UTF8*$!
{
	archiveVersion = 1;
	classes = {
	};
	objectVersion = 56;
	objects = {

/* Begin PBXBuildFile section */
		0BBAEA4ADC9EB6EB01E80C40 /* Date+Extension.swift in Sources */ = {isa = PBXBuildFile; fileRef = 33937BB98635420147575391 /* Date+Extension.swift */; };
		0EB42C0843328553BB1B4799 /* DitoServiceManager.swift in Sources */ = {isa = PBXBuildFile; fileRef = C5293356C4F20D71D5FD8114 /* DitoServiceManager.swift */; };
		10CF33C3D6B081FCB056B616 /* DitoTokenRequest.swift in Sources */ = {isa = PBXBuildFile; fileRef = C4C8596BF4829A2A49A624B6 /* DitoTokenRequest.swift */; };
		11AD13F783CE4C00049BD79C /* Reachability.swift in Sources */ = {isa = PBXBuildFile; fileRef = 80C45B78C4532B4ECCD3B49B /* Reachability.swift */; };
		121EDE3E385C877C83277F31 /* Data+Extension.swift in Sources */ = {isa = PBXBuildFile; fileRef = 9046005428FA3B074BF44826 /* Data+Extension.swift */; };
		1456CC1C919DF643DEE81769 /* DitoEventRequest.swift in Sources */ = {isa = PBXBuildFile; fileRef = 63EA4540865B89D1770ADAA2 /* DitoEventRequest.swift */; };
		191F54D3B5693CC484BB5BBE /* DitoTrack.swift in Sources */ = {isa = PBXBuildFile; fileRef = FB3A31875A648ACF38FD8111 /* DitoTrack.swift */; };
		19E3F298772ACACBE1FD19AB /* DitoNotificationUnregisterDataManager.swift in Sources */ = {isa = PBXBuildFile; fileRef = 36BD88CED8B081DA3A5F2C62 /* DitoNotificationUnregisterDataManager.swift */; };
		1A39FD375A6B64CF77B7BB9C /* DitoNotificationOpenRequest.swift in Sources */ = {isa = PBXBuildFile; fileRef = E9ECDC4D91B5F9BC6D4609C6 /* DitoNotificationOpenRequest.swift */; };
		1B05705B7C6AE65203F08D8D /* DitoTokenType.swift in Sources */ = {isa = PBXBuildFile; fileRef = 549DBD78EAE299E8F731F053 /* DitoTokenType.swift */; };
		1ED7B6D0C5C17DB8EFDBD8ED /* DitoSDK.framework in Frameworks */ = {isa = PBXBuildFile; fileRef = C599E43B1AE0DD94DC3E5B57 /* DitoSDK.framework */; };
		20E6CA166258C6D7F0500217 /* LaunchScreen.storyboard in Resources */ = {isa = PBXBuildFile; fileRef = FC3CDE34D84AB184FDD9296E /* LaunchScreen.storyboard */; };
		22D7F76804811141D7C36896 /* DitoRouterService.swift in Sources */ = {isa = PBXBuildFile; fileRef = 43CAB51B8536545500111213 /* DitoRouterService.swift */; };
		2C95168EB5CC3F2F38504AC8 /* DitoDataModel.xcdatamodeld in Sources */ = {isa = PBXBuildFile; fileRef = FADD31D17DAACBA4BE1E0EBF /* DitoDataModel.xcdatamodeld */; };
		2CD71F1F3855285554CCD0A0 /* DitoNotification.swift in Sources */ = {isa = PBXBuildFile; fileRef = E36C88373075F1E953FD21A5 /* DitoNotification.swift */; };
		2DB6CD058DEE6CA9A2A8360D /* Encodable+Extensions.swift in Sources */ = {isa = PBXBuildFile; fileRef = 151E15511C01ADA964C8AACA /* Encodable+Extensions.swift */; };
		354BBB07E68212FEC7ED044D /* DitoIdentify.swift in Sources */ = {isa = PBXBuildFile; fileRef = 59506DD123C6785A66BEE02F /* DitoIdentify.swift */; };
		35C3A78B880A2574B4C6832D /* DitoTrackService.swift in Sources */ = {isa = PBXBuildFile; fileRef = 6FBBF1DC729DEEF738A3CF82 /* DitoTrackService.swift */; };
		3B2DAE7D4D86A4B1F769662D /* DitoTrackOffline.swift in Sources */ = {isa = PBXBuildFile; fileRef = DF782B5947CE0117486266E6 /* DitoTrackOffline.swift */; };
		41EB7E951D25457509CA6384 /* DitoResult.swift in Sources */ = {isa = PBXBuildFile; fileRef = 9FFC198D12A9ED0553943671 /* DitoResult.swift */; };
		4715B8E708455B26F9C47707 /* DitoEvent.swift in Sources */ = {isa = PBXBuildFile; fileRef = 179A1C7EF90DFD4736D58DDF /* DitoEvent.swift */; };
		4A6C1A96DDBC912447552121 /* Assets.xcassets in Resources */ = {isa = PBXBuildFile; fileRef = EE304EF54A31ACD454D6E5B5 /* Assets.xcassets */; };
		4DC46E80B90A727C28BA8184 /* DitoNotificationRegisterDataManager.swift in Sources */ = {isa = PBXBuildFile; fileRef = 54C06D05635A99A753FEEDDF /* DitoNotificationRegisterDataManager.swift */; };
		4EE6ACE6095CF54E2A9D6B90 /* DitoSignupRequest.swift in Sources */ = {isa = PBXBuildFile; fileRef = 9D3546497193F2438FA17EF9 /* DitoSignupRequest.swift */; };
		51412C762782462747B3B53D /* DitoGender.swift in Sources */ = {isa = PBXBuildFile; fileRef = E6EEB14B38A1C5877FBAA131 /* DitoGender.swift */; };
		514C9EB499EA6EE3495CE458 /* DitoNotificationReadModel.swift in Sources */ = {isa = PBXBuildFile; fileRef = ADE653B6C30ACB6C2CA1CFC3 /* DitoNotificationReadModel.swift */; };
		71E70DF217E863CB8A118EA2 /* DitoTokenModel.swift in Sources */ = {isa = PBXBuildFile; fileRef = 227253B8CA171E8FB4F71B6D /* DitoTokenModel.swift */; };
		74DBFC4281C6C83679AE5810 /* AppDelegate.swift in Sources */ = {isa = PBXBuildFile; fileRef = 604BA4D683D38AD02179F436 /* AppDelegate.swift */; };
		777291497BBBD71FC93414E0 /* Util.swift in Sources */ = {isa = PBXBuildFile; fileRef = E283073A06EA932E68826B1F /* Util.swift */; };
		7C34F0A43EFAADC6BC332FAF /* Optional+Extension.swift in Sources */ = {isa = PBXBuildFile; fileRef = 4E38A9C06F2B24D667F54B42 /* Optional+Extension.swift */; };
		8252E7A4C4E16C4D0D01E94E /* DitoNotificationReadDataManager.swift in Sources */ = {isa = PBXBuildFile; fileRef = C5AFB503E1E1E14F9A8AE2FB /* DitoNotificationReadDataManager.swift */; };
		8338B5BB6A8B13810CB9865D /* README.md in Resources */ = {isa = PBXBuildFile; fileRef = 491A7EF85D83719C2E191064 /* README.md */; };
		83B46FA2AD43721D6FDC2F57 /* DitoCoreDataManager.swift in Sources */ = {isa = PBXBuildFile; fileRef = 652C22D2FE2B621CDF1641BE /* DitoCoreDataManager.swift */; };
		855068119C9299831A7083CF /* Debugger.swift in Sources */ = {isa = PBXBuildFile; fileRef = E317FE537B4DD79FA107A536 /* Debugger.swift */; };
		890E98F6B866DEF229247F7B /* DitoUser.swift in Sources */ = {isa = PBXBuildFile; fileRef = 91283DB43A5A843422B58F1A /* DitoUser.swift */; };
		89499D587C6885321F1D2D33 /* ViewController.swift in Sources */ = {isa = PBXBuildFile; fileRef = 79DE5B602479311D63A915ED /* ViewController.swift */; };
		8F1E52A7FB48BE3FEB91CE28 /* DitoIdentifyOffline.swift in Sources */ = {isa = PBXBuildFile; fileRef = 3748CFAC8740DE66D4813044 /* DitoIdentifyOffline.swift */; };
		91953C2F5563F0BEDBF9E06D /* Main.storyboard in Resources */ = {isa = PBXBuildFile; fileRef = CFC70CACAEAAF097AB75098A /* Main.storyboard */; };
		98B21675450EB14616AC1849 /* SHA1.swift in Sources */ = {isa = PBXBuildFile; fileRef = 378CD4AC691C4450E03A7239 /* SHA1.swift */; };
		99CB714C6A2ABA42B328EBCA /* DitoErrorType.swift in Sources */ = {isa = PBXBuildFile; fileRef = 8F8BBEA8AFA550AF221066A2 /* DitoErrorType.swift */; };
		9FB1555F03AC3AA047B72AD9 /* DitoResultModel.swift in Sources */ = {isa = PBXBuildFile; fileRef = 6AE45E1AEA3FA41BD38551B2 /* DitoResultModel.swift */; };
		A42D551434A9A88A58439325 /* URLResponse+Extension.swift in Sources */ = {isa = PBXBuildFile; fileRef = E2ABC6E7C5BE07DB874C7987 /* URLResponse+Extension.swift */; };
		A4B1B7DB52ED35D3F6A7C36F /* Pods_Sample.framework in Frameworks */ = {isa = PBXBuildFile; fileRef = 4FD46B52EB29ACF6CA432CA5 /* Pods_Sample.framework */; };
		A5E11848589D8A0165A0CB9F /* DitoIdentifyModel.swift in Sources */ = {isa = PBXBuildFile; fileRef = 2E3A5F2A96AE7470B49D77A1 /* DitoIdentifyModel.swift */; };
		AB4DDB0B4895D9EEEDBC3AB3 /* DitoLogger.swift in Sources */ = {isa = PBXBuildFile; fileRef = D5CB7DA8C638CF02D6D7D037 /* DitoLogger.swift */; };
		B3143DEDEDA6ECB987DE88D8 /* GlobalState.plist in Resources */ = {isa = PBXBuildFile; fileRef = 911578593020D76D866C2261 /* GlobalState.plist */; };
		B3FDDCD33A852C55DF98A1FE /* Dito.swift in Sources */ = {isa = PBXBuildFile; fileRef = 2E3EEC15B9E97FF877550384 /* Dito.swift */; };
		B6DAB4291C3909BA2F4B3F6C /* DitoIdentifyDataManager.swift in Sources */ = {isa = PBXBuildFile; fileRef = FAA81B0304D3039E5EC48911 /* DitoIdentifyDataManager.swift */; };
		BFBA886938235D28D6ADBB8C /* DitoDataNotification.swift in Sources */ = {isa = PBXBuildFile; fileRef = 2F27349FFF25BFB46706713F /* DitoDataNotification.swift */; };
		C164B462A08512ECB05866DC /* DitoIdentifyService.swift in Sources */ = {isa = PBXBuildFile; fileRef = F1BA9858B52D1F7726ECF7EA /* DitoIdentifyService.swift */; };
		C39EAE55C7FB92E1F7296F03 /* DitoNotificationService.swift in Sources */ = {isa = PBXBuildFile; fileRef = 9DD33ABA9F0C5B5149BA88AE /* DitoNotificationService.swift */; };
		C9BE11929BFAE4CD2E9103DB /* DitoValidationCharacters.swift in Sources */ = {isa = PBXBuildFile; fileRef = 441ABA99F60112EB8FDA6F78 /* DitoValidationCharacters.swift */; };
		D48A1084C2EF00F0FDA45FF7 /* GoogleService-Info.plist in Resources */ = {isa = PBXBuildFile; fileRef = 02617F349C8544972EFAF7EB /* GoogleService-Info.plist */; };
		D757A010BA326512E6A2EE54 /* DitoTrackDataManager.swift in Sources */ = {isa = PBXBuildFile; fileRef = AFA38630EAE4177EA95B06A1 /* DitoTrackDataManager.swift */; };
		DC5D40772A658F13420132C2 /* SceneDelegate.swift in Sources */ = {isa = PBXBuildFile; fileRef = C979487B13BA848B7CC0E465 /* SceneDelegate.swift */; };
		E3091EB6EC61527CC6A14B8B /* Generic+Extensions.swift in Sources */ = {isa = PBXBuildFile; fileRef = 83EAF34C2F1F2F73144D51BD /* Generic+Extensions.swift */; };
		E65C8E17BB1984575D86BCF8 /* DitoNotificationReceived.swift in Sources */ = {isa = PBXBuildFile; fileRef = C9C45C14ABB4A0EFE8EB61F8 /* DitoNotificationReceived.swift */; };
		E71E2FB70BED0CBEC0EE00CA /* String+Extension.swift in Sources */ = {isa = PBXBuildFile; fileRef = 7381D0859584873675874091 /* String+Extension.swift */; };
		E99FCFB72C32FC59007772AC /* FirebaseMessaging in Frameworks */ = {isa = PBXBuildFile; productRef = E99FCFB62C32FC59007772AC /* FirebaseMessaging */; };
		E99FCFB82C33010B007772AC /* DitoSDK.framework in Embed Frameworks */ = {isa = PBXBuildFile; fileRef = C599E43B1AE0DD94DC3E5B57 /* DitoSDK.framework */; settings = {ATTRIBUTES = (CodeSignOnCopy, RemoveHeadersOnCopy, ); }; };
		F0BBA0B6200355C3804F2D30 /* DitoNotificationOffline.swift in Sources */ = {isa = PBXBuildFile; fileRef = 760E650B997D3DE17C092EF3 /* DitoNotificationOffline.swift */; };
		F30E621CD36DC4FE753425D5 /* DitoRetry.swift in Sources */ = {isa = PBXBuildFile; fileRef = 62BA27035ECF86CA2ED9529C /* DitoRetry.swift */; };
		FBDA381AD8ED347F06E6D344 /* DitoTrackModel.swift in Sources */ = {isa = PBXBuildFile; fileRef = 3612836534A6C704B67CDDD2 /* DitoTrackModel.swift */; };
/* End PBXBuildFile section */

/* Begin PBXContainerItemProxy section */
		E9BEB03B4C4345DDF9A4C002 /* PBXContainerItemProxy */ = {
			isa = PBXContainerItemProxy;
			containerPortal = 3469AFCED4D3913859A4CA98 /* Project object */;
			proxyType = 1;
			remoteGlobalIDString = E793C62D9731A938945DB7AA;
			remoteInfo = DitoSDK;
		};
/* End PBXContainerItemProxy section */

/* Begin PBXCopyFilesBuildPhase section */
		186E35402FB3BA0FA45EBEAC /* Embed Frameworks */ = {
			isa = PBXCopyFilesBuildPhase;
			buildActionMask = 2147483647;
			dstPath = "";
			dstSubfolderSpec = 10;
			files = (
				E99FCFB82C33010B007772AC /* DitoSDK.framework in Embed Frameworks */,
			);
			name = "Embed Frameworks";
			runOnlyForDeploymentPostprocessing = 0;
		};
/* End PBXCopyFilesBuildPhase section */

/* Begin PBXFileReference section */
		02617F349C8544972EFAF7EB /* GoogleService-Info.plist */ = {isa = PBXFileReference; lastKnownFileType = text.plist; path = "GoogleService-Info.plist"; sourceTree = "<group>"; };
		13C4442077EFDDF85A9779AA /* Dito test sdk.entitlements */ = {isa = PBXFileReference; lastKnownFileType = text.plist.entitlements; path = "Dito test sdk.entitlements"; sourceTree = "<group>"; };
		151E15511C01ADA964C8AACA /* Encodable+Extensions.swift */ = {isa = PBXFileReference; lastKnownFileType = sourcecode.swift; path = "Encodable+Extensions.swift"; sourceTree = "<group>"; };
		15A9875D39E0195A312675E6 /* DTIdentifyTests.swift */ = {isa = PBXFileReference; lastKnownFileType = sourcecode.swift; path = DTIdentifyTests.swift; sourceTree = "<group>"; };
		179A1C7EF90DFD4736D58DDF /* DitoEvent.swift */ = {isa = PBXFileReference; lastKnownFileType = sourcecode.swift; path = DitoEvent.swift; sourceTree = "<group>"; };
		1DA63E9569FD1A8A0D69F6A9 /* Package.swift */ = {isa = PBXFileReference; lastKnownFileType = sourcecode.swift; path = Package.swift; sourceTree = "<group>"; };
		227253B8CA171E8FB4F71B6D /* DitoTokenModel.swift */ = {isa = PBXFileReference; lastKnownFileType = sourcecode.swift; path = DitoTokenModel.swift; sourceTree = "<group>"; };
		2E3A5F2A96AE7470B49D77A1 /* DitoIdentifyModel.swift */ = {isa = PBXFileReference; lastKnownFileType = sourcecode.swift; path = DitoIdentifyModel.swift; sourceTree = "<group>"; };
		2E3EEC15B9E97FF877550384 /* Dito.swift */ = {isa = PBXFileReference; lastKnownFileType = sourcecode.swift; path = Dito.swift; sourceTree = "<group>"; };
		2F27349FFF25BFB46706713F /* DitoDataNotification.swift */ = {isa = PBXFileReference; lastKnownFileType = sourcecode.swift; path = DitoDataNotification.swift; sourceTree = "<group>"; };
		31E014900F2956A0EBF580E4 /* Dito test sdkRelease.entitlements */ = {isa = PBXFileReference; lastKnownFileType = text.plist.entitlements; path = "Dito test sdkRelease.entitlements"; sourceTree = "<group>"; };
		33937BB98635420147575391 /* Date+Extension.swift */ = {isa = PBXFileReference; lastKnownFileType = sourcecode.swift; path = "Date+Extension.swift"; sourceTree = "<group>"; };
		33AC5C2C6E147B85914821C4 /* DTTestCase.swift */ = {isa = PBXFileReference; lastKnownFileType = sourcecode.swift; path = DTTestCase.swift; sourceTree = "<group>"; };
		3612836534A6C704B67CDDD2 /* DitoTrackModel.swift */ = {isa = PBXFileReference; lastKnownFileType = sourcecode.swift; path = DitoTrackModel.swift; sourceTree = "<group>"; };
		36BD88CED8B081DA3A5F2C62 /* DitoNotificationUnregisterDataManager.swift */ = {isa = PBXFileReference; lastKnownFileType = sourcecode.swift; path = DitoNotificationUnregisterDataManager.swift; sourceTree = "<group>"; };
		3748CFAC8740DE66D4813044 /* DitoIdentifyOffline.swift */ = {isa = PBXFileReference; lastKnownFileType = sourcecode.swift; path = DitoIdentifyOffline.swift; sourceTree = "<group>"; };
		378CD4AC691C4450E03A7239 /* SHA1.swift */ = {isa = PBXFileReference; lastKnownFileType = sourcecode.swift; path = SHA1.swift; sourceTree = "<group>"; };
		43CAB51B8536545500111213 /* DitoRouterService.swift */ = {isa = PBXFileReference; lastKnownFileType = sourcecode.swift; path = DitoRouterService.swift; sourceTree = "<group>"; };
		441ABA99F60112EB8FDA6F78 /* DitoValidationCharacters.swift */ = {isa = PBXFileReference; lastKnownFileType = sourcecode.swift; path = DitoValidationCharacters.swift; sourceTree = "<group>"; };
		491A7EF85D83719C2E191064 /* README.md */ = {isa = PBXFileReference; lastKnownFileType = net.daringfireball.markdown; path = README.md; sourceTree = "<group>"; };
		4E38A9C06F2B24D667F54B42 /* Optional+Extension.swift */ = {isa = PBXFileReference; lastKnownFileType = sourcecode.swift; path = "Optional+Extension.swift"; sourceTree = "<group>"; };
		4F51504894DE5714E268CAC6 /* MockDTInitialize.swift */ = {isa = PBXFileReference; lastKnownFileType = sourcecode.swift; path = MockDTInitialize.swift; sourceTree = "<group>"; };
		4FD46B52EB29ACF6CA432CA5 /* Pods_Sample.framework */ = {isa = PBXFileReference; explicitFileType = wrapper.framework; includeInIndex = 0; path = Pods_Sample.framework; sourceTree = BUILT_PRODUCTS_DIR; };
		549DBD78EAE299E8F731F053 /* DitoTokenType.swift */ = {isa = PBXFileReference; lastKnownFileType = sourcecode.swift; path = DitoTokenType.swift; sourceTree = "<group>"; };
		54C06D05635A99A753FEEDDF /* DitoNotificationRegisterDataManager.swift */ = {isa = PBXFileReference; lastKnownFileType = sourcecode.swift; path = DitoNotificationRegisterDataManager.swift; sourceTree = "<group>"; };
		59506DD123C6785A66BEE02F /* DitoIdentify.swift */ = {isa = PBXFileReference; lastKnownFileType = sourcecode.swift; path = DitoIdentify.swift; sourceTree = "<group>"; };
		604BA4D683D38AD02179F436 /* AppDelegate.swift */ = {isa = PBXFileReference; lastKnownFileType = sourcecode.swift; path = AppDelegate.swift; sourceTree = "<group>"; };
		62BA27035ECF86CA2ED9529C /* DitoRetry.swift */ = {isa = PBXFileReference; lastKnownFileType = sourcecode.swift; path = DitoRetry.swift; sourceTree = "<group>"; };
		63EA4540865B89D1770ADAA2 /* DitoEventRequest.swift */ = {isa = PBXFileReference; lastKnownFileType = sourcecode.swift; path = DitoEventRequest.swift; sourceTree = "<group>"; };
		64B62D799CAC3ACD0C58B33E /* DTPersistenceTests.swift */ = {isa = PBXFileReference; lastKnownFileType = sourcecode.swift; path = DTPersistenceTests.swift; sourceTree = "<group>"; };
		652C22D2FE2B621CDF1641BE /* DitoCoreDataManager.swift */ = {isa = PBXFileReference; lastKnownFileType = sourcecode.swift; path = DitoCoreDataManager.swift; sourceTree = "<group>"; };
		6AE45E1AEA3FA41BD38551B2 /* DitoResultModel.swift */ = {isa = PBXFileReference; lastKnownFileType = sourcecode.swift; path = DitoResultModel.swift; sourceTree = "<group>"; };
		6FBBF1DC729DEEF738A3CF82 /* DitoTrackService.swift */ = {isa = PBXFileReference; lastKnownFileType = sourcecode.swift; path = DitoTrackService.swift; sourceTree = "<group>"; };
		7381D0859584873675874091 /* String+Extension.swift */ = {isa = PBXFileReference; lastKnownFileType = sourcecode.swift; path = "String+Extension.swift"; sourceTree = "<group>"; };
		760E650B997D3DE17C092EF3 /* DitoNotificationOffline.swift */ = {isa = PBXFileReference; lastKnownFileType = sourcecode.swift; path = DitoNotificationOffline.swift; sourceTree = "<group>"; };
		79DE5B602479311D63A915ED /* ViewController.swift */ = {isa = PBXFileReference; lastKnownFileType = sourcecode.swift; path = ViewController.swift; sourceTree = "<group>"; };
		7B156A635BE85DC152D2CE1E /* DTTrackTests.swift */ = {isa = PBXFileReference; lastKnownFileType = sourcecode.swift; path = DTTrackTests.swift; sourceTree = "<group>"; };
		80C45B78C4532B4ECCD3B49B /* Reachability.swift */ = {isa = PBXFileReference; lastKnownFileType = sourcecode.swift; path = Reachability.swift; sourceTree = "<group>"; };
		8327A9AD35EFEFD0E7D14C65 /* Pods-Sample.release.xcconfig */ = {isa = PBXFileReference; includeInIndex = 1; lastKnownFileType = text.xcconfig; name = "Pods-Sample.release.xcconfig"; path = "Target Support Files/Pods-Sample/Pods-Sample.release.xcconfig"; sourceTree = "<group>"; };
		83EAF34C2F1F2F73144D51BD /* Generic+Extensions.swift */ = {isa = PBXFileReference; lastKnownFileType = sourcecode.swift; path = "Generic+Extensions.swift"; sourceTree = "<group>"; };
		8696ABD812A7A2715C28A0E3 /* Pods_DitoSDK.framework */ = {isa = PBXFileReference; explicitFileType = wrapper.framework; includeInIndex = 0; path = Pods_DitoSDK.framework; sourceTree = BUILT_PRODUCTS_DIR; };
		8DAE9B13DBC5813916FDCCA7 /* DTHashTests.swift */ = {isa = PBXFileReference; lastKnownFileType = sourcecode.swift; path = DTHashTests.swift; sourceTree = "<group>"; };
		8F8BBEA8AFA550AF221066A2 /* DitoErrorType.swift */ = {isa = PBXFileReference; lastKnownFileType = sourcecode.swift; path = DitoErrorType.swift; sourceTree = "<group>"; };
		9046005428FA3B074BF44826 /* Data+Extension.swift */ = {isa = PBXFileReference; lastKnownFileType = sourcecode.swift; path = "Data+Extension.swift"; sourceTree = "<group>"; };
		90E524AB5E7A0B3EA7050797 /* DTTrackTests.swift */ = {isa = PBXFileReference; lastKnownFileType = sourcecode.swift; path = DTTrackTests.swift; sourceTree = "<group>"; };
		911578593020D76D866C2261 /* GlobalState.plist */ = {isa = PBXFileReference; lastKnownFileType = text.plist; path = GlobalState.plist; sourceTree = "<group>"; };
		91283DB43A5A843422B58F1A /* DitoUser.swift */ = {isa = PBXFileReference; lastKnownFileType = sourcecode.swift; path = DitoUser.swift; sourceTree = "<group>"; };
		970313E9E6618FE30F4BA7E9 /* Info.plist */ = {isa = PBXFileReference; lastKnownFileType = text.plist; path = Info.plist; sourceTree = "<group>"; };
		9D3546497193F2438FA17EF9 /* DitoSignupRequest.swift */ = {isa = PBXFileReference; lastKnownFileType = sourcecode.swift; path = DitoSignupRequest.swift; sourceTree = "<group>"; };
		9DD33ABA9F0C5B5149BA88AE /* DitoNotificationService.swift */ = {isa = PBXFileReference; lastKnownFileType = sourcecode.swift; path = DitoNotificationService.swift; sourceTree = "<group>"; };
		9FFC198D12A9ED0553943671 /* DitoResult.swift */ = {isa = PBXFileReference; lastKnownFileType = sourcecode.swift; path = DitoResult.swift; sourceTree = "<group>"; };
		ADE653B6C30ACB6C2CA1CFC3 /* DitoNotificationReadModel.swift */ = {isa = PBXFileReference; lastKnownFileType = sourcecode.swift; path = DitoNotificationReadModel.swift; sourceTree = "<group>"; };
		AFA38630EAE4177EA95B06A1 /* DitoTrackDataManager.swift */ = {isa = PBXFileReference; lastKnownFileType = sourcecode.swift; path = DitoTrackDataManager.swift; sourceTree = "<group>"; };
		B5D8F87C9E4C9112E5B0E765 /* LICENSE */ = {isa = PBXFileReference; lastKnownFileType = text; path = LICENSE; sourceTree = "<group>"; };
		B635EC827363CF99865888E2 /* Info.plist */ = {isa = PBXFileReference; lastKnownFileType = text.plist; path = Info.plist; sourceTree = "<group>"; };
		B9A4EE997935491FCEC5EDD4 /* MockDTIdentifyService.swift */ = {isa = PBXFileReference; lastKnownFileType = sourcecode.swift; path = MockDTIdentifyService.swift; sourceTree = "<group>"; };
		BDA9662671401A44D946B7AB /* Pods-Sample.debug.xcconfig */ = {isa = PBXFileReference; includeInIndex = 1; lastKnownFileType = text.xcconfig; name = "Pods-Sample.debug.xcconfig"; path = "Target Support Files/Pods-Sample/Pods-Sample.debug.xcconfig"; sourceTree = "<group>"; };
		BE412C438E48EC5ED60CC8A2 /* DitoDataModel.xcdatamodel */ = {isa = PBXFileReference; lastKnownFileType = wrapper.xcdatamodel; path = DitoDataModel.xcdatamodel; sourceTree = "<group>"; };
		C4C8596BF4829A2A49A624B6 /* DitoTokenRequest.swift */ = {isa = PBXFileReference; lastKnownFileType = sourcecode.swift; path = DitoTokenRequest.swift; sourceTree = "<group>"; };
		C5293356C4F20D71D5FD8114 /* DitoServiceManager.swift */ = {isa = PBXFileReference; lastKnownFileType = sourcecode.swift; path = DitoServiceManager.swift; sourceTree = "<group>"; };
		C599E43B1AE0DD94DC3E5B57 /* DitoSDK.framework */ = {isa = PBXFileReference; explicitFileType = wrapper.framework; includeInIndex = 0; path = DitoSDK.framework; sourceTree = BUILT_PRODUCTS_DIR; };
		C5AFB503E1E1E14F9A8AE2FB /* DitoNotificationReadDataManager.swift */ = {isa = PBXFileReference; lastKnownFileType = sourcecode.swift; path = DitoNotificationReadDataManager.swift; sourceTree = "<group>"; };
		C979487B13BA848B7CC0E465 /* SceneDelegate.swift */ = {isa = PBXFileReference; lastKnownFileType = sourcecode.swift; path = SceneDelegate.swift; sourceTree = "<group>"; };
		C9C45C14ABB4A0EFE8EB61F8 /* DitoNotificationReceived.swift */ = {isa = PBXFileReference; lastKnownFileType = sourcecode.swift; path = DitoNotificationReceived.swift; sourceTree = "<group>"; };
		CC4F943C6AD08D23190F7DE5 /* Sample.app */ = {isa = PBXFileReference; explicitFileType = wrapper.application; includeInIndex = 0; path = Sample.app; sourceTree = BUILT_PRODUCTS_DIR; };
		CFC70CACAEAAF097AB75098A /* Main.storyboard */ = {isa = PBXFileReference; lastKnownFileType = file.storyboard; path = Main.storyboard; sourceTree = "<group>"; };
		D046A02021EB34175ADD9177 /* MockDTTrackService.swift */ = {isa = PBXFileReference; lastKnownFileType = sourcecode.swift; path = MockDTTrackService.swift; sourceTree = "<group>"; };
		D5CB7DA8C638CF02D6D7D037 /* DitoLogger.swift */ = {isa = PBXFileReference; lastKnownFileType = sourcecode.swift; path = DitoLogger.swift; sourceTree = "<group>"; };
		DF782B5947CE0117486266E6 /* DitoTrackOffline.swift */ = {isa = PBXFileReference; lastKnownFileType = sourcecode.swift; path = DitoTrackOffline.swift; sourceTree = "<group>"; };
		E283073A06EA932E68826B1F /* Util.swift */ = {isa = PBXFileReference; lastKnownFileType = sourcecode.swift; path = Util.swift; sourceTree = "<group>"; };
		E2ABC6E7C5BE07DB874C7987 /* URLResponse+Extension.swift */ = {isa = PBXFileReference; lastKnownFileType = sourcecode.swift; path = "URLResponse+Extension.swift"; sourceTree = "<group>"; };
		E317FE537B4DD79FA107A536 /* Debugger.swift */ = {isa = PBXFileReference; lastKnownFileType = sourcecode.swift; path = Debugger.swift; sourceTree = "<group>"; };
		E36C88373075F1E953FD21A5 /* DitoNotification.swift */ = {isa = PBXFileReference; lastKnownFileType = sourcecode.swift; path = DitoNotification.swift; sourceTree = "<group>"; };
		E6EEB14B38A1C5877FBAA131 /* DitoGender.swift */ = {isa = PBXFileReference; lastKnownFileType = sourcecode.swift; path = DitoGender.swift; sourceTree = "<group>"; };
		E974488C2C33496500352791 /* DitoSDK.podspec */ = {isa = PBXFileReference; lastKnownFileType = text; path = DitoSDK.podspec; sourceTree = "<group>"; };
		E9ECDC4D91B5F9BC6D4609C6 /* DitoNotificationOpenRequest.swift */ = {isa = PBXFileReference; lastKnownFileType = sourcecode.swift; path = DitoNotificationOpenRequest.swift; sourceTree = "<group>"; };
		E9F16BCD2C33299A00AC9424 /* SampleDebug.entitlements */ = {isa = PBXFileReference; lastKnownFileType = text.plist.entitlements; path = SampleDebug.entitlements; sourceTree = "<group>"; };
		EE304EF54A31ACD454D6E5B5 /* Assets.xcassets */ = {isa = PBXFileReference; lastKnownFileType = folder.assetcatalog; path = Assets.xcassets; sourceTree = "<group>"; };
		F1BA9858B52D1F7726ECF7EA /* DitoIdentifyService.swift */ = {isa = PBXFileReference; lastKnownFileType = sourcecode.swift; path = DitoIdentifyService.swift; sourceTree = "<group>"; };
		F97FEC34CA524AC522472AD6 /* Info.plist */ = {isa = PBXFileReference; lastKnownFileType = text.plist; path = Info.plist; sourceTree = "<group>"; };
		FAA81B0304D3039E5EC48911 /* DitoIdentifyDataManager.swift */ = {isa = PBXFileReference; lastKnownFileType = sourcecode.swift; path = DitoIdentifyDataManager.swift; sourceTree = "<group>"; };
		FB3A31875A648ACF38FD8111 /* DitoTrack.swift */ = {isa = PBXFileReference; lastKnownFileType = sourcecode.swift; path = DitoTrack.swift; sourceTree = "<group>"; };
		FC3CDE34D84AB184FDD9296E /* LaunchScreen.storyboard */ = {isa = PBXFileReference; lastKnownFileType = file.storyboard; path = LaunchScreen.storyboard; sourceTree = "<group>"; };
/* End PBXFileReference section */

/* Begin PBXFrameworksBuildPhase section */
		67F6AFBB92D7967925A0E5E2 /* Frameworks */ = {
			isa = PBXFrameworksBuildPhase;
			buildActionMask = 2147483647;
			files = (
				E99FCFB72C32FC59007772AC /* FirebaseMessaging in Frameworks */,
				1ED7B6D0C5C17DB8EFDBD8ED /* DitoSDK.framework in Frameworks */,
				A4B1B7DB52ED35D3F6A7C36F /* Pods_Sample.framework in Frameworks */,
			);
			runOnlyForDeploymentPostprocessing = 0;
		};
		DAD1C9343216ADAB73680BCA /* Frameworks */ = {
			isa = PBXFrameworksBuildPhase;
			buildActionMask = 2147483647;
			files = (
			);
			runOnlyForDeploymentPostprocessing = 0;
		};
/* End PBXFrameworksBuildPhase section */

/* Begin PBXGroup section */
		1AC08F9A16346568678FBA61 /* MockServices */ = {
			isa = PBXGroup;
			children = (
				B9A4EE997935491FCEC5EDD4 /* MockDTIdentifyService.swift */,
				4F51504894DE5714E268CAC6 /* MockDTInitialize.swift */,
				D046A02021EB34175ADD9177 /* MockDTTrackService.swift */,
			);
			path = MockServices;
			sourceTree = "<group>";
		};
		1E5A6EC2237004703E2948DD /* Persistence */ = {
			isa = PBXGroup;
			children = (
				652C22D2FE2B621CDF1641BE /* DitoCoreDataManager.swift */,
				FADD31D17DAACBA4BE1E0EBF /* DitoDataModel.xcdatamodeld */,
				FAA81B0304D3039E5EC48911 /* DitoIdentifyDataManager.swift */,
				C5AFB503E1E1E14F9A8AE2FB /* DitoNotificationReadDataManager.swift */,
				54C06D05635A99A753FEEDDF /* DitoNotificationRegisterDataManager.swift */,
				36BD88CED8B081DA3A5F2C62 /* DitoNotificationUnregisterDataManager.swift */,
				AFA38630EAE4177EA95B06A1 /* DitoTrackDataManager.swift */,
			);
			path = Persistence;
			sourceTree = "<group>";
		};
		2A9A4503A3F275E3CE1D8453 /* Tests */ = {
			isa = PBXGroup;
			children = (
				7B156A635BE85DC152D2CE1E /* DTTrackTests.swift */,
				B635EC827363CF99865888E2 /* Info.plist */,
				1AC08F9A16346568678FBA61 /* MockServices */,
				3B196A0CBEFDC552C23973B5 /* TestCases */,
			);
			path = Tests;
			sourceTree = "<group>";
		};
		3B196A0CBEFDC552C23973B5 /* TestCases */ = {
			isa = PBXGroup;
			children = (
				8DAE9B13DBC5813916FDCCA7 /* DTHashTests.swift */,
				15A9875D39E0195A312675E6 /* DTIdentifyTests.swift */,
				64B62D799CAC3ACD0C58B33E /* DTPersistenceTests.swift */,
				33AC5C2C6E147B85914821C4 /* DTTestCase.swift */,
				90E524AB5E7A0B3EA7050797 /* DTTrackTests.swift */,
			);
			path = TestCases;
			sourceTree = "<group>";
		};
		3C26D491336B94D30BA9FA42 /* Offline */ = {
			isa = PBXGroup;
			children = (
				3748CFAC8740DE66D4813044 /* DitoIdentifyOffline.swift */,
				760E650B997D3DE17C092EF3 /* DitoNotificationOffline.swift */,
				62BA27035ECF86CA2ED9529C /* DitoRetry.swift */,
				DF782B5947CE0117486266E6 /* DitoTrackOffline.swift */,
			);
			path = Offline;
			sourceTree = "<group>";
		};
		51D3D224B61F59E9BB426949 = {
			isa = PBXGroup;
			children = (
				1DA63E9569FD1A8A0D69F6A9 /* Package.swift */,
				E974488C2C33496500352791 /* DitoSDK.podspec */,
				B5D8F87C9E4C9112E5B0E765 /* LICENSE */,
				491A7EF85D83719C2E191064 /* README.md */,
				E9F16BCD2C33299A00AC9424 /* SampleDebug.entitlements */,
				E2B361C4CF85C237FB25C36D /* DitoSDK */,
				77EDF3217D3F7FB6DD95B854 /* SampleApplication */,
				994AB8117A987D8B5BDB9699 /* Products */,
				9473F0AE8A595DC4192C6934 /* Pods */,
				6A3CA87CF60FAC1F17A01DA9 /* Frameworks */,
			);
			sourceTree = "<group>";
		};
		53B07D61F3E56C3C6F9182EA /* Extensions */ = {
			isa = PBXGroup;
			children = (
				9046005428FA3B074BF44826 /* Data+Extension.swift */,
				33937BB98635420147575391 /* Date+Extension.swift */,
				151E15511C01ADA964C8AACA /* Encodable+Extensions.swift */,
				83EAF34C2F1F2F73144D51BD /* Generic+Extensions.swift */,
				4E38A9C06F2B24D667F54B42 /* Optional+Extension.swift */,
				7381D0859584873675874091 /* String+Extension.swift */,
				E2ABC6E7C5BE07DB874C7987 /* URLResponse+Extension.swift */,
			);
			path = Extensions;
			sourceTree = "<group>";
		};
		6A3CA87CF60FAC1F17A01DA9 /* Frameworks */ = {
			isa = PBXGroup;
			children = (
				8696ABD812A7A2715C28A0E3 /* Pods_DitoSDK.framework */,
				4FD46B52EB29ACF6CA432CA5 /* Pods_Sample.framework */,
			);
			name = Frameworks;
			sourceTree = "<group>";
		};
		77EDF3217D3F7FB6DD95B854 /* SampleApplication */ = {
			isa = PBXGroup;
			children = (
				604BA4D683D38AD02179F436 /* AppDelegate.swift */,
				EE304EF54A31ACD454D6E5B5 /* Assets.xcassets */,
				13C4442077EFDDF85A9779AA /* Dito test sdk.entitlements */,
				31E014900F2956A0EBF580E4 /* Dito test sdkRelease.entitlements */,
				02617F349C8544972EFAF7EB /* GoogleService-Info.plist */,
				F97FEC34CA524AC522472AD6 /* Info.plist */,
				FC3CDE34D84AB184FDD9296E /* LaunchScreen.storyboard */,
				CFC70CACAEAAF097AB75098A /* Main.storyboard */,
				C979487B13BA848B7CC0E465 /* SceneDelegate.swift */,
				79DE5B602479311D63A915ED /* ViewController.swift */,
			);
			path = SampleApplication;
			sourceTree = "<group>";
		};
		81E9D91C0DBACF956A8C0B6B /* Services */ = {
			isa = PBXGroup;
			children = (
				F1BA9858B52D1F7726ECF7EA /* DitoIdentifyService.swift */,
				9DD33ABA9F0C5B5149BA88AE /* DitoNotificationService.swift */,
				43CAB51B8536545500111213 /* DitoRouterService.swift */,
				C5293356C4F20D71D5FD8114 /* DitoServiceManager.swift */,
				6FBBF1DC729DEEF738A3CF82 /* DitoTrackService.swift */,
			);
			path = Services;
			sourceTree = "<group>";
		};
		9473F0AE8A595DC4192C6934 /* Pods */ = {
			isa = PBXGroup;
			children = (
				BDA9662671401A44D946B7AB /* Pods-Sample.debug.xcconfig */,
				8327A9AD35EFEFD0E7D14C65 /* Pods-Sample.release.xcconfig */,
			);
			path = Pods;
			sourceTree = "<group>";
		};
		994AB8117A987D8B5BDB9699 /* Products */ = {
			isa = PBXGroup;
			children = (
				C599E43B1AE0DD94DC3E5B57 /* DitoSDK.framework */,
				CC4F943C6AD08D23190F7DE5 /* Sample.app */,
			);
			name = Products;
			sourceTree = "<group>";
		};
		9A018F9D294C16FFEB8D3B39 /* Enum */ = {
			isa = PBXGroup;
			children = (
				8F8BBEA8AFA550AF221066A2 /* DitoErrorType.swift */,
				E6EEB14B38A1C5877FBAA131 /* DitoGender.swift */,
				9FFC198D12A9ED0553943671 /* DitoResult.swift */,
				549DBD78EAE299E8F731F053 /* DitoTokenType.swift */,
				441ABA99F60112EB8FDA6F78 /* DitoValidationCharacters.swift */,
			);
			path = Enum;
			sourceTree = "<group>";
		};
		A5E6DB34BB088CD58E195568 /* Controllers */ = {
			isa = PBXGroup;
			children = (
				2E3EEC15B9E97FF877550384 /* Dito.swift */,
				59506DD123C6785A66BEE02F /* DitoIdentify.swift */,
				D5CB7DA8C638CF02D6D7D037 /* DitoLogger.swift */,
				E36C88373075F1E953FD21A5 /* DitoNotification.swift */,
				FB3A31875A648ACF38FD8111 /* DitoTrack.swift */,
				3C26D491336B94D30BA9FA42 /* Offline */,
			);
			path = Controllers;
			sourceTree = "<group>";
		};
		B0CE1491E734A7AAC7B6FD38 /* Utils */ = {
			isa = PBXGroup;
			children = (
				E317FE537B4DD79FA107A536 /* Debugger.swift */,
				80C45B78C4532B4ECCD3B49B /* Reachability.swift */,
				378CD4AC691C4450E03A7239 /* SHA1.swift */,
				E283073A06EA932E68826B1F /* Util.swift */,
			);
			path = Utils;
			sourceTree = "<group>";
		};
		B8EE7B5B85B3BE1402254C3D /* Model */ = {
			isa = PBXGroup;
			children = (
				2F27349FFF25BFB46706713F /* DitoDataNotification.swift */,
				179A1C7EF90DFD4736D58DDF /* DitoEvent.swift */,
				63EA4540865B89D1770ADAA2 /* DitoEventRequest.swift */,
				2E3A5F2A96AE7470B49D77A1 /* DitoIdentifyModel.swift */,
				E9ECDC4D91B5F9BC6D4609C6 /* DitoNotificationOpenRequest.swift */,
				ADE653B6C30ACB6C2CA1CFC3 /* DitoNotificationReadModel.swift */,
				C9C45C14ABB4A0EFE8EB61F8 /* DitoNotificationReceived.swift */,
				6AE45E1AEA3FA41BD38551B2 /* DitoResultModel.swift */,
				9D3546497193F2438FA17EF9 /* DitoSignupRequest.swift */,
				227253B8CA171E8FB4F71B6D /* DitoTokenModel.swift */,
				C4C8596BF4829A2A49A624B6 /* DitoTokenRequest.swift */,
				3612836534A6C704B67CDDD2 /* DitoTrackModel.swift */,
				91283DB43A5A843422B58F1A /* DitoUser.swift */,
			);
			path = Model;
			sourceTree = "<group>";
		};
		C8A1413E3834DC372F5FAD3C /* Sources */ = {
			isa = PBXGroup;
			children = (
				A5E6DB34BB088CD58E195568 /* Controllers */,
				9A018F9D294C16FFEB8D3B39 /* Enum */,
				53B07D61F3E56C3C6F9182EA /* Extensions */,
				B8EE7B5B85B3BE1402254C3D /* Model */,
				81E9D91C0DBACF956A8C0B6B /* Services */,
				B0CE1491E734A7AAC7B6FD38 /* Utils */,
			);
			path = Sources;
			sourceTree = "<group>";
		};
		E2B361C4CF85C237FB25C36D /* DitoSDK */ = {
			isa = PBXGroup;
			children = (
				911578593020D76D866C2261 /* GlobalState.plist */,
				970313E9E6618FE30F4BA7E9 /* Info.plist */,
				1E5A6EC2237004703E2948DD /* Persistence */,
				C8A1413E3834DC372F5FAD3C /* Sources */,
				2A9A4503A3F275E3CE1D8453 /* Tests */,
			);
			path = DitoSDK;
			sourceTree = "<group>";
		};
/* End PBXGroup section */

/* Begin PBXNativeTarget section */
		61AE308DED5C2FD955C363DA /* Sample */ = {
			isa = PBXNativeTarget;
			buildConfigurationList = 7611566342B0DF38B4F4F443 /* Build configuration list for PBXNativeTarget "Sample" */;
			buildPhases = (
				FE796D2154081587BD4382A2 /* [CP] Check Pods Manifest.lock */,
				32E3472124BF407C11470A39 /* Sources */,
				42A7E699432993EBBBAE80AB /* Resources */,
				67F6AFBB92D7967925A0E5E2 /* Frameworks */,
				186E35402FB3BA0FA45EBEAC /* Embed Frameworks */,
				E87647167D3D6420807D619F /* [CP] Embed Pods Frameworks */,
			);
			buildRules = (
			);
			dependencies = (
				B6DCA2EF6165D33AA3D02E63 /* PBXTargetDependency */,
			);
			name = Sample;
			packageProductDependencies = (
				E99FCFB62C32FC59007772AC /* FirebaseMessaging */,
			);
			productName = Sample;
			productReference = CC4F943C6AD08D23190F7DE5 /* Sample.app */;
			productType = "com.apple.product-type.application";
		};
		E793C62D9731A938945DB7AA /* DitoSDK */ = {
			isa = PBXNativeTarget;
			buildConfigurationList = B45AE819BCAA645D06511580 /* Build configuration list for PBXNativeTarget "DitoSDK" */;
			buildPhases = (
				7DA55ECB2C966DB7525802B7 /* Sources */,
				140AE90D4ED48A0AF4860648 /* Resources */,
				DAD1C9343216ADAB73680BCA /* Frameworks */,
			);
			buildRules = (
			);
			dependencies = (
			);
			name = DitoSDK;
			productName = DitoSDK;
			productReference = C599E43B1AE0DD94DC3E5B57 /* DitoSDK.framework */;
			productType = "com.apple.product-type.framework";
		};
/* End PBXNativeTarget section */

/* Begin PBXProject section */
		3469AFCED4D3913859A4CA98 /* Project object */ = {
			isa = PBXProject;
			attributes = {
				BuildIndependentTargetsInParallel = YES;
				LastUpgradeCheck = 1540;
			};
			buildConfigurationList = ECA5F549F88D5589049B1542 /* Build configuration list for PBXProject "DitoSDK" */;
			compatibilityVersion = "Xcode 14.0";
			developmentRegion = en;
			hasScannedForEncodings = 0;
			knownRegions = (
				Base,
				en,
			);
			mainGroup = 51D3D224B61F59E9BB426949;
			packageReferences = (
				E99FCFB32C32FA73007772AC /* XCRemoteSwiftPackageReference "firebase-ios-sdk" */,
			);
			productRefGroup = 994AB8117A987D8B5BDB9699 /* Products */;
			projectDirPath = "";
			projectRoot = "";
			targets = (
				E793C62D9731A938945DB7AA /* DitoSDK */,
				61AE308DED5C2FD955C363DA /* Sample */,
			);
		};
/* End PBXProject section */

/* Begin PBXResourcesBuildPhase section */
		140AE90D4ED48A0AF4860648 /* Resources */ = {
			isa = PBXResourcesBuildPhase;
			buildActionMask = 2147483647;
			files = (
				B3143DEDEDA6ECB987DE88D8 /* GlobalState.plist in Resources */,
				8338B5BB6A8B13810CB9865D /* README.md in Resources */,
			);
			runOnlyForDeploymentPostprocessing = 0;
		};
		42A7E699432993EBBBAE80AB /* Resources */ = {
			isa = PBXResourcesBuildPhase;
			buildActionMask = 2147483647;
			files = (
				4A6C1A96DDBC912447552121 /* Assets.xcassets in Resources */,
				D48A1084C2EF00F0FDA45FF7 /* GoogleService-Info.plist in Resources */,
				20E6CA166258C6D7F0500217 /* LaunchScreen.storyboard in Resources */,
				91953C2F5563F0BEDBF9E06D /* Main.storyboard in Resources */,
			);
			runOnlyForDeploymentPostprocessing = 0;
		};
/* End PBXResourcesBuildPhase section */

/* Begin PBXShellScriptBuildPhase section */
		E87647167D3D6420807D619F /* [CP] Embed Pods Frameworks */ = {
			isa = PBXShellScriptBuildPhase;
			buildActionMask = 2147483647;
			files = (
			);
			inputFileListPaths = (
				"${PODS_ROOT}/Target Support Files/Pods-Sample/Pods-Sample-frameworks-${CONFIGURATION}-input-files.xcfilelist",
			);
			name = "[CP] Embed Pods Frameworks";
			outputFileListPaths = (
				"${PODS_ROOT}/Target Support Files/Pods-Sample/Pods-Sample-frameworks-${CONFIGURATION}-output-files.xcfilelist",
			);
			runOnlyForDeploymentPostprocessing = 0;
			shellPath = /bin/sh;
			shellScript = "\"${PODS_ROOT}/Target Support Files/Pods-Sample/Pods-Sample-frameworks.sh\"\n";
			showEnvVarsInLog = 0;
		};
		FE796D2154081587BD4382A2 /* [CP] Check Pods Manifest.lock */ = {
			isa = PBXShellScriptBuildPhase;
			buildActionMask = 2147483647;
			files = (
			);
			inputFileListPaths = (
			);
			inputPaths = (
				"${PODS_PODFILE_DIR_PATH}/Podfile.lock",
				"${PODS_ROOT}/Manifest.lock",
			);
			name = "[CP] Check Pods Manifest.lock";
			outputFileListPaths = (
			);
			outputPaths = (
				"$(DERIVED_FILE_DIR)/Pods-Sample-checkManifestLockResult.txt",
			);
			runOnlyForDeploymentPostprocessing = 0;
			shellPath = /bin/sh;
			shellScript = "diff \"${PODS_PODFILE_DIR_PATH}/Podfile.lock\" \"${PODS_ROOT}/Manifest.lock\" > /dev/null\nif [ $? != 0 ] ; then\n    # print error to STDERR\n    echo \"error: The sandbox is not in sync with the Podfile.lock. Run 'pod install' or update your CocoaPods installation.\" >&2\n    exit 1\nfi\n# This output is used by Xcode 'outputs' to avoid re-running this script phase.\necho \"SUCCESS\" > \"${SCRIPT_OUTPUT_FILE_0}\"\n";
			showEnvVarsInLog = 0;
		};
/* End PBXShellScriptBuildPhase section */

/* Begin PBXSourcesBuildPhase section */
		32E3472124BF407C11470A39 /* Sources */ = {
			isa = PBXSourcesBuildPhase;
			buildActionMask = 2147483647;
			files = (
				74DBFC4281C6C83679AE5810 /* AppDelegate.swift in Sources */,
				DC5D40772A658F13420132C2 /* SceneDelegate.swift in Sources */,
				89499D587C6885321F1D2D33 /* ViewController.swift in Sources */,
			);
			runOnlyForDeploymentPostprocessing = 0;
		};
		7DA55ECB2C966DB7525802B7 /* Sources */ = {
			isa = PBXSourcesBuildPhase;
			buildActionMask = 2147483647;
			files = (
				121EDE3E385C877C83277F31 /* Data+Extension.swift in Sources */,
				0BBAEA4ADC9EB6EB01E80C40 /* Date+Extension.swift in Sources */,
				855068119C9299831A7083CF /* Debugger.swift in Sources */,
				B3FDDCD33A852C55DF98A1FE /* Dito.swift in Sources */,
				83B46FA2AD43721D6FDC2F57 /* DitoCoreDataManager.swift in Sources */,
				2C95168EB5CC3F2F38504AC8 /* DitoDataModel.xcdatamodeld in Sources */,
				BFBA886938235D28D6ADBB8C /* DitoDataNotification.swift in Sources */,
				99CB714C6A2ABA42B328EBCA /* DitoErrorType.swift in Sources */,
				4715B8E708455B26F9C47707 /* DitoEvent.swift in Sources */,
				1456CC1C919DF643DEE81769 /* DitoEventRequest.swift in Sources */,
				51412C762782462747B3B53D /* DitoGender.swift in Sources */,
				354BBB07E68212FEC7ED044D /* DitoIdentify.swift in Sources */,
				B6DAB4291C3909BA2F4B3F6C /* DitoIdentifyDataManager.swift in Sources */,
				A5E11848589D8A0165A0CB9F /* DitoIdentifyModel.swift in Sources */,
				8F1E52A7FB48BE3FEB91CE28 /* DitoIdentifyOffline.swift in Sources */,
				C164B462A08512ECB05866DC /* DitoIdentifyService.swift in Sources */,
				AB4DDB0B4895D9EEEDBC3AB3 /* DitoLogger.swift in Sources */,
				2CD71F1F3855285554CCD0A0 /* DitoNotification.swift in Sources */,
				F0BBA0B6200355C3804F2D30 /* DitoNotificationOffline.swift in Sources */,
				1A39FD375A6B64CF77B7BB9C /* DitoNotificationOpenRequest.swift in Sources */,
				8252E7A4C4E16C4D0D01E94E /* DitoNotificationReadDataManager.swift in Sources */,
				514C9EB499EA6EE3495CE458 /* DitoNotificationReadModel.swift in Sources */,
				E65C8E17BB1984575D86BCF8 /* DitoNotificationReceived.swift in Sources */,
				4DC46E80B90A727C28BA8184 /* DitoNotificationRegisterDataManager.swift in Sources */,
				C39EAE55C7FB92E1F7296F03 /* DitoNotificationService.swift in Sources */,
				19E3F298772ACACBE1FD19AB /* DitoNotificationUnregisterDataManager.swift in Sources */,
				41EB7E951D25457509CA6384 /* DitoResult.swift in Sources */,
				9FB1555F03AC3AA047B72AD9 /* DitoResultModel.swift in Sources */,
				F30E621CD36DC4FE753425D5 /* DitoRetry.swift in Sources */,
				22D7F76804811141D7C36896 /* DitoRouterService.swift in Sources */,
				0EB42C0843328553BB1B4799 /* DitoServiceManager.swift in Sources */,
				4EE6ACE6095CF54E2A9D6B90 /* DitoSignupRequest.swift in Sources */,
				71E70DF217E863CB8A118EA2 /* DitoTokenModel.swift in Sources */,
				10CF33C3D6B081FCB056B616 /* DitoTokenRequest.swift in Sources */,
				1B05705B7C6AE65203F08D8D /* DitoTokenType.swift in Sources */,
				191F54D3B5693CC484BB5BBE /* DitoTrack.swift in Sources */,
				D757A010BA326512E6A2EE54 /* DitoTrackDataManager.swift in Sources */,
				FBDA381AD8ED347F06E6D344 /* DitoTrackModel.swift in Sources */,
				3B2DAE7D4D86A4B1F769662D /* DitoTrackOffline.swift in Sources */,
				35C3A78B880A2574B4C6832D /* DitoTrackService.swift in Sources */,
				890E98F6B866DEF229247F7B /* DitoUser.swift in Sources */,
				C9BE11929BFAE4CD2E9103DB /* DitoValidationCharacters.swift in Sources */,
				2DB6CD058DEE6CA9A2A8360D /* Encodable+Extensions.swift in Sources */,
				E3091EB6EC61527CC6A14B8B /* Generic+Extensions.swift in Sources */,
				7C34F0A43EFAADC6BC332FAF /* Optional+Extension.swift in Sources */,
				11AD13F783CE4C00049BD79C /* Reachability.swift in Sources */,
				98B21675450EB14616AC1849 /* SHA1.swift in Sources */,
				E71E2FB70BED0CBEC0EE00CA /* String+Extension.swift in Sources */,
				A42D551434A9A88A58439325 /* URLResponse+Extension.swift in Sources */,
				777291497BBBD71FC93414E0 /* Util.swift in Sources */,
			);
			runOnlyForDeploymentPostprocessing = 0;
		};
/* End PBXSourcesBuildPhase section */

/* Begin PBXTargetDependency section */
		B6DCA2EF6165D33AA3D02E63 /* PBXTargetDependency */ = {
			isa = PBXTargetDependency;
			target = E793C62D9731A938945DB7AA /* DitoSDK */;
			targetProxy = E9BEB03B4C4345DDF9A4C002 /* PBXContainerItemProxy */;
		};
/* End PBXTargetDependency section */

/* Begin XCBuildConfiguration section */
		04EFB9039A7FD49650B6680E /* Release */ = {
			isa = XCBuildConfiguration;
			buildSettings = {
				ALWAYS_SEARCH_USER_PATHS = NO;
				CLANG_ANALYZER_NONNULL = YES;
				CLANG_ANALYZER_NUMBER_OBJECT_CONVERSION = YES_AGGRESSIVE;
				CLANG_CXX_LANGUAGE_STANDARD = "gnu++14";
				CLANG_CXX_LIBRARY = "libc++";
				CLANG_ENABLE_MODULES = YES;
				CLANG_ENABLE_OBJC_ARC = YES;
				CLANG_ENABLE_OBJC_WEAK = YES;
				CLANG_WARN_BLOCK_CAPTURE_AUTORELEASING = YES;
				CLANG_WARN_BOOL_CONVERSION = YES;
				CLANG_WARN_COMMA = YES;
				CLANG_WARN_CONSTANT_CONVERSION = YES;
				CLANG_WARN_DEPRECATED_OBJC_IMPLEMENTATIONS = YES;
				CLANG_WARN_DIRECT_OBJC_ISA_USAGE = YES_ERROR;
				CLANG_WARN_DOCUMENTATION_COMMENTS = YES;
				CLANG_WARN_EMPTY_BODY = YES;
				CLANG_WARN_ENUM_CONVERSION = YES;
				CLANG_WARN_INFINITE_RECURSION = YES;
				CLANG_WARN_INT_CONVERSION = YES;
				CLANG_WARN_NON_LITERAL_NULL_CONVERSION = YES;
				CLANG_WARN_OBJC_IMPLICIT_RETAIN_SELF = YES;
				CLANG_WARN_OBJC_LITERAL_CONVERSION = YES;
				CLANG_WARN_OBJC_ROOT_CLASS = YES_ERROR;
				CLANG_WARN_QUOTED_INCLUDE_IN_FRAMEWORK_HEADER = YES;
				CLANG_WARN_RANGE_LOOP_ANALYSIS = YES;
				CLANG_WARN_STRICT_PROTOTYPES = YES;
				CLANG_WARN_SUSPICIOUS_MOVE = YES;
				CLANG_WARN_UNGUARDED_AVAILABILITY = YES_AGGRESSIVE;
				CLANG_WARN_UNREACHABLE_CODE = YES;
				CLANG_WARN__DUPLICATE_METHOD_MATCH = YES;
				COPY_PHASE_STRIP = NO;
				DEBUG_INFORMATION_FORMAT = "dwarf-with-dsym";
				ENABLE_NS_ASSERTIONS = NO;
				ENABLE_STRICT_OBJC_MSGSEND = YES;
				ENABLE_USER_SCRIPT_SANDBOXING = NO;
				GCC_C_LANGUAGE_STANDARD = gnu11;
				GCC_NO_COMMON_BLOCKS = YES;
				GCC_WARN_64_TO_32_BIT_CONVERSION = YES;
				GCC_WARN_ABOUT_RETURN_TYPE = YES_ERROR;
				GCC_WARN_UNDECLARED_SELECTOR = YES;
				GCC_WARN_UNINITIALIZED_AUTOS = YES_AGGRESSIVE;
				GCC_WARN_UNUSED_FUNCTION = YES;
				GCC_WARN_UNUSED_VARIABLE = YES;
				IPHONEOS_DEPLOYMENT_TARGET = 13.0;
				MTL_ENABLE_DEBUG_INFO = NO;
				MTL_FAST_MATH = YES;
				PRODUCT_NAME = "$(TARGET_NAME)";
				SDKROOT = iphoneos;
				SWIFT_COMPILATION_MODE = wholemodule;
				SWIFT_OPTIMIZATION_LEVEL = "-O";
				SWIFT_VERSION = 5.0;
			};
			name = Release;
		};
		056DC6352156B2EAA7F64B04 /* Release */ = {
			isa = XCBuildConfiguration;
			baseConfigurationReference = 8327A9AD35EFEFD0E7D14C65 /* Pods-Sample.release.xcconfig */;
			buildSettings = {
				ASSETCATALOG_COMPILER_APPICON_NAME = AppIcon;
				CODE_SIGN_IDENTITY = "iPhone Developer";
				CURRENT_PROJECT_VERSION = 1;
				DEVELOPMENT_TEAM = 374X2BA9SH;
				GENERATE_INFOPLIST_FILE = YES;
				INFOPLIST_FILE = SampleApplication/Info.plist;
				INFOPLIST_KEY_CFBundleDisplayName = "Dito Sample APP";
				INFOPLIST_KEY_LSApplicationCategoryType = "public.app-category.business";
				INFOPLIST_KEY_UILaunchStoryboardName = LaunchScreen.storyboard;
				INFOPLIST_KEY_UIStatusBarHidden = YES;
				LD_RUNPATH_SEARCH_PATHS = (
					"$(inherited)",
					"@executable_path/Frameworks",
				);
				MARKETING_VERSION = 1.0;
				PRODUCT_BUNDLE_IDENTIFIER = "br.com.dito.Dito-test-sdk";
				SDKROOT = iphoneos;
				TARGETED_DEVICE_FAMILY = "1,2";
			};
			name = Release;
		};
		28AA9ACD4577808AB7D38D53 /* Debug */ = {
			isa = XCBuildConfiguration;
			buildSettings = {
				CODE_SIGN_IDENTITY = "Apple Development";
				CODE_SIGN_STYLE = Automatic;
				CURRENT_PROJECT_VERSION = 1;
				DEFINES_MODULE = YES;
				DEVELOPMENT_TEAM = 374X2BA9SH;
				DYLIB_COMPATIBILITY_VERSION = 1;
				DYLIB_CURRENT_VERSION = 1;
				DYLIB_INSTALL_NAME_BASE = "@rpath";
				ENABLE_MODULE_VERIFIER = YES;
				INFOPLIST_FILE = DitoSDK/Info.plist;
				INSTALL_PATH = "$(LOCAL_LIBRARY_DIR)/Frameworks";
				LD_RUNPATH_SEARCH_PATHS = (
					"$(inherited)",
					"@executable_path/Frameworks",
				);
				MODULE_VERIFIER_SUPPORTED_LANGUAGE_STANDARDS = "gnu11 gnu++14";
				PRODUCT_BUNDLE_IDENTIFIER = br.com.dito.DitoSDK;
				PROVISIONING_PROFILE_SPECIFIER = "";
				SDKROOT = iphoneos;
				SKIP_INSTALL = YES;
				TARGETED_DEVICE_FAMILY = "1,2";
				VERSIONING_SYSTEM = "apple-generic";
			};
			name = Debug;
		};
		6B1A4287D330B839FB9E9067 /* Release */ = {
			isa = XCBuildConfiguration;
			buildSettings = {
				CODE_SIGN_IDENTITY = "";
				CURRENT_PROJECT_VERSION = 1;
				DEFINES_MODULE = YES;
				DYLIB_COMPATIBILITY_VERSION = 1;
				DYLIB_CURRENT_VERSION = 1;
				DYLIB_INSTALL_NAME_BASE = "@rpath";
				ENABLE_MODULE_VERIFIER = YES;
				INFOPLIST_FILE = DitoSDK/Info.plist;
				INSTALL_PATH = "$(LOCAL_LIBRARY_DIR)/Frameworks";
				LD_RUNPATH_SEARCH_PATHS = (
					"$(inherited)",
					"@executable_path/Frameworks",
				);
				MODULE_VERIFIER_SUPPORTED_LANGUAGE_STANDARDS = "gnu11 gnu++14";
				PRODUCT_BUNDLE_IDENTIFIER = br.com.dito.DitoSDK;
				SDKROOT = iphoneos;
				SKIP_INSTALL = YES;
				TARGETED_DEVICE_FAMILY = "1,2";
				VERSIONING_SYSTEM = "apple-generic";
			};
			name = Release;
		};
		84EF7ACB4F681DBDF83119C7 /* Debug */ = {
			isa = XCBuildConfiguration;
			buildSettings = {
				ALWAYS_SEARCH_USER_PATHS = NO;
				CLANG_ANALYZER_NONNULL = YES;
				CLANG_ANALYZER_NUMBER_OBJECT_CONVERSION = YES_AGGRESSIVE;
				CLANG_CXX_LANGUAGE_STANDARD = "gnu++14";
				CLANG_CXX_LIBRARY = "libc++";
				CLANG_ENABLE_MODULES = YES;
				CLANG_ENABLE_OBJC_ARC = YES;
				CLANG_ENABLE_OBJC_WEAK = YES;
				CLANG_WARN_BLOCK_CAPTURE_AUTORELEASING = YES;
				CLANG_WARN_BOOL_CONVERSION = YES;
				CLANG_WARN_COMMA = YES;
				CLANG_WARN_CONSTANT_CONVERSION = YES;
				CLANG_WARN_DEPRECATED_OBJC_IMPLEMENTATIONS = YES;
				CLANG_WARN_DIRECT_OBJC_ISA_USAGE = YES_ERROR;
				CLANG_WARN_DOCUMENTATION_COMMENTS = YES;
				CLANG_WARN_EMPTY_BODY = YES;
				CLANG_WARN_ENUM_CONVERSION = YES;
				CLANG_WARN_INFINITE_RECURSION = YES;
				CLANG_WARN_INT_CONVERSION = YES;
				CLANG_WARN_NON_LITERAL_NULL_CONVERSION = YES;
				CLANG_WARN_OBJC_IMPLICIT_RETAIN_SELF = YES;
				CLANG_WARN_OBJC_LITERAL_CONVERSION = YES;
				CLANG_WARN_OBJC_ROOT_CLASS = YES_ERROR;
				CLANG_WARN_QUOTED_INCLUDE_IN_FRAMEWORK_HEADER = YES;
				CLANG_WARN_RANGE_LOOP_ANALYSIS = YES;
				CLANG_WARN_STRICT_PROTOTYPES = YES;
				CLANG_WARN_SUSPICIOUS_MOVE = YES;
				CLANG_WARN_UNGUARDED_AVAILABILITY = YES_AGGRESSIVE;
				CLANG_WARN_UNREACHABLE_CODE = YES;
				CLANG_WARN__DUPLICATE_METHOD_MATCH = YES;
				COPY_PHASE_STRIP = NO;
				DEBUG_INFORMATION_FORMAT = dwarf;
				ENABLE_STRICT_OBJC_MSGSEND = YES;
				ENABLE_TESTABILITY = YES;
				ENABLE_USER_SCRIPT_SANDBOXING = NO;
				GCC_C_LANGUAGE_STANDARD = gnu11;
				GCC_DYNAMIC_NO_PIC = NO;
				GCC_NO_COMMON_BLOCKS = YES;
				GCC_OPTIMIZATION_LEVEL = 0;
				GCC_PREPROCESSOR_DEFINITIONS = (
					"$(inherited)",
					"DEBUG=1",
				);
				GCC_WARN_64_TO_32_BIT_CONVERSION = YES;
				GCC_WARN_ABOUT_RETURN_TYPE = YES_ERROR;
				GCC_WARN_UNDECLARED_SELECTOR = YES;
				GCC_WARN_UNINITIALIZED_AUTOS = YES_AGGRESSIVE;
				GCC_WARN_UNUSED_FUNCTION = YES;
				GCC_WARN_UNUSED_VARIABLE = YES;
				IPHONEOS_DEPLOYMENT_TARGET = 13.0;
				MTL_ENABLE_DEBUG_INFO = INCLUDE_SOURCE;
				MTL_FAST_MATH = YES;
				ONLY_ACTIVE_ARCH = YES;
				PRODUCT_NAME = "$(TARGET_NAME)";
				SDKROOT = iphoneos;
				SWIFT_ACTIVE_COMPILATION_CONDITIONS = DEBUG;
				SWIFT_OPTIMIZATION_LEVEL = "-Onone";
				SWIFT_VERSION = 5.0;
			};
			name = Debug;
		};
		A75B3A0BEA6993FD2AEE78B1 /* Debug */ = {
			isa = XCBuildConfiguration;
			baseConfigurationReference = BDA9662671401A44D946B7AB /* Pods-Sample.debug.xcconfig */;
			buildSettings = {
				ASSETCATALOG_COMPILER_APPICON_NAME = AppIcon;
				CODE_SIGN_ENTITLEMENTS = SampleDebug.entitlements;
				CODE_SIGN_IDENTITY = "iPhone Developer";
				CURRENT_PROJECT_VERSION = 1;
				DEVELOPMENT_TEAM = 374X2BA9SH;
				GENERATE_INFOPLIST_FILE = YES;
				INFOPLIST_FILE = SampleApplication/Info.plist;
				INFOPLIST_KEY_CFBundleDisplayName = "Dito Sample APP";
				INFOPLIST_KEY_LSApplicationCategoryType = "public.app-category.business";
				INFOPLIST_KEY_UILaunchStoryboardName = LaunchScreen.storyboard;
				INFOPLIST_KEY_UIStatusBarHidden = YES;
				LD_RUNPATH_SEARCH_PATHS = (
					"$(inherited)",
					"@executable_path/Frameworks",
				);
				MARKETING_VERSION = 1.0;
				PRODUCT_BUNDLE_IDENTIFIER = "br.com.dito.Dito-test-sdk";
				SDKROOT = iphoneos;
				TARGETED_DEVICE_FAMILY = "1,2";
			};
			name = Debug;
		};
/* End XCBuildConfiguration section */

/* Begin XCConfigurationList section */
		7611566342B0DF38B4F4F443 /* Build configuration list for PBXNativeTarget "Sample" */ = {
			isa = XCConfigurationList;
			buildConfigurations = (
				A75B3A0BEA6993FD2AEE78B1 /* Debug */,
				056DC6352156B2EAA7F64B04 /* Release */,
			);
			defaultConfigurationIsVisible = 0;
			defaultConfigurationName = Debug;
		};
		B45AE819BCAA645D06511580 /* Build configuration list for PBXNativeTarget "DitoSDK" */ = {
			isa = XCConfigurationList;
			buildConfigurations = (
				28AA9ACD4577808AB7D38D53 /* Debug */,
				6B1A4287D330B839FB9E9067 /* Release */,
			);
			defaultConfigurationIsVisible = 0;
			defaultConfigurationName = Debug;
		};
		ECA5F549F88D5589049B1542 /* Build configuration list for PBXProject "DitoSDK" */ = {
			isa = XCConfigurationList;
			buildConfigurations = (
				84EF7ACB4F681DBDF83119C7 /* Debug */,
				04EFB9039A7FD49650B6680E /* Release */,
			);
			defaultConfigurationIsVisible = 0;
			defaultConfigurationName = Debug;
		};
/* End XCConfigurationList section */

/* Begin XCRemoteSwiftPackageReference section */
		E99FCFB32C32FA73007772AC /* XCRemoteSwiftPackageReference "firebase-ios-sdk" */ = {
			isa = XCRemoteSwiftPackageReference;
			repositoryURL = "https://github.com/firebase/firebase-ios-sdk";
			requirement = {
				kind = upToNextMajorVersion;
				minimumVersion = 10.28.1;
			};
		};
/* End XCRemoteSwiftPackageReference section */

/* Begin XCSwiftPackageProductDependency section */
		E99FCFB62C32FC59007772AC /* FirebaseMessaging */ = {
			isa = XCSwiftPackageProductDependency;
			package = E99FCFB32C32FA73007772AC /* XCRemoteSwiftPackageReference "firebase-ios-sdk" */;
			productName = FirebaseMessaging;
		};
/* End XCSwiftPackageProductDependency section */

/* Begin XCVersionGroup section */
		FADD31D17DAACBA4BE1E0EBF /* DitoDataModel.xcdatamodeld */ = {
			isa = XCVersionGroup;
			children = (
				BE412C438E48EC5ED60CC8A2 /* DitoDataModel.xcdatamodel */,
			);
			currentVersion = BE412C438E48EC5ED60CC8A2 /* DitoDataModel.xcdatamodel */;
			path = DitoDataModel.xcdatamodeld;
			sourceTree = "<group>";
			versionGroupType = wrapper.xcdatamodel;
		};
/* End XCVersionGroup section */
	};
	rootObject = 3469AFCED4D3913859A4CA98 /* Project object */;
}
