// !$*UTF8*$!
{
	archiveVersion = 1;
	classes = {
	};
	objectVersion = 54;
	objects = {

/* Begin PBXBuildFile section */
		2CE857C425C36AE400BC4305 /* DitoSDK.framework in Frameworks */ = {isa = PBXBuildFile; fileRef = 2CE857C325C36AE400BC4305 /* DitoSDK.framework */; };
		2CE857C525C36AE400BC4305 /* DitoSDK.framework in Embed Frameworks */ = {isa = PBXBuildFile; fileRef = 2CE857C325C36AE400BC4305 /* DitoSDK.framework */; settings = {ATTRIBUTES = (CodeSignOnCopy, RemoveHeadersOnCopy, ); }; };
		DC42F771259284F0007DC03C /* AppDelegate.swift in Sources */ = {isa = PBXBuildFile; fileRef = DC42F770259284F0007DC03C /* AppDelegate.swift */; };
		DC42F773259284F0007DC03C /* SceneDelegate.swift in Sources */ = {isa = PBXBuildFile; fileRef = DC42F772259284F0007DC03C /* SceneDelegate.swift */; };
		DC42F775259284F0007DC03C /* ViewController.swift in Sources */ = {isa = PBXBuildFile; fileRef = DC42F774259284F0007DC03C /* ViewController.swift */; };
		DC42F778259284F0007DC03C /* Main.storyboard in Resources */ = {isa = PBXBuildFile; fileRef = DC42F776259284F0007DC03C /* Main.storyboard */; };
		DC42F77D259284F1007DC03C /* Assets.xcassets in Resources */ = {isa = PBXBuildFile; fileRef = DC42F77C259284F1007DC03C /* Assets.xcassets */; };
		DC42F780259284F1007DC03C /* LaunchScreen.storyboard in Resources */ = {isa = PBXBuildFile; fileRef = DC42F77E259284F1007DC03C /* LaunchScreen.storyboard */; };
		DC42F78B259284F1007DC03C /* DitoSwiftSampleAppTests.swift in Sources */ = {isa = PBXBuildFile; fileRef = DC42F78A259284F1007DC03C /* DitoSwiftSampleAppTests.swift */; };
		DC42F796259284F1007DC03C /* DitoSwiftSampleAppUITests.swift in Sources */ = {isa = PBXBuildFile; fileRef = DC42F795259284F1007DC03C /* DitoSwiftSampleAppUITests.swift */; };
/* End PBXBuildFile section */

/* Begin PBXContainerItemProxy section */
		DC42F787259284F1007DC03C /* PBXContainerItemProxy */ = {
			isa = PBXContainerItemProxy;
			containerPortal = DC42F765259284F0007DC03C /* Project object */;
			proxyType = 1;
			remoteGlobalIDString = DC42F76C259284F0007DC03C;
			remoteInfo = DitoSwiftSampleApp;
		};
		DC42F792259284F1007DC03C /* PBXContainerItemProxy */ = {
			isa = PBXContainerItemProxy;
			containerPortal = DC42F765259284F0007DC03C /* Project object */;
			proxyType = 1;
			remoteGlobalIDString = DC42F76C259284F0007DC03C;
			remoteInfo = DitoSwiftSampleApp;
		};
/* End PBXContainerItemProxy section */

/* Begin PBXCopyFilesBuildPhase section */
		2CE857C625C36AE400BC4305 /* Embed Frameworks */ = {
			isa = PBXCopyFilesBuildPhase;
			buildActionMask = 2147483647;
			dstPath = "";
			dstSubfolderSpec = 10;
			files = (
				2CE857C525C36AE400BC4305 /* DitoSDK.framework in Embed Frameworks */,
			);
			name = "Embed Frameworks";
			runOnlyForDeploymentPostprocessing = 0;
		};
/* End PBXCopyFilesBuildPhase section */

/* Begin PBXFileReference section */
		2CE8576725C3459000BC4305 /* iOS Example.entitlements */ = {isa = PBXFileReference; lastKnownFileType = text.plist.entitlements; path = "iOS Example.entitlements"; sourceTree = "<group>"; };
		2CE857C325C36AE400BC4305 /* DitoSDK.framework */ = {isa = PBXFileReference; explicitFileType = wrapper.framework; path = DitoSDK.framework; sourceTree = BUILT_PRODUCTS_DIR; };
		DC42F76D259284F0007DC03C /* iOS Example.app */ = {isa = PBXFileReference; explicitFileType = wrapper.application; includeInIndex = 0; path = "iOS Example.app"; sourceTree = BUILT_PRODUCTS_DIR; };
		DC42F770259284F0007DC03C /* AppDelegate.swift */ = {isa = PBXFileReference; lastKnownFileType = sourcecode.swift; path = AppDelegate.swift; sourceTree = "<group>"; };
		DC42F772259284F0007DC03C /* SceneDelegate.swift */ = {isa = PBXFileReference; lastKnownFileType = sourcecode.swift; path = SceneDelegate.swift; sourceTree = "<group>"; };
		DC42F774259284F0007DC03C /* ViewController.swift */ = {isa = PBXFileReference; lastKnownFileType = sourcecode.swift; path = ViewController.swift; sourceTree = "<group>"; };
		DC42F777259284F0007DC03C /* Base */ = {isa = PBXFileReference; lastKnownFileType = file.storyboard; name = Base; path = Base.lproj/Main.storyboard; sourceTree = "<group>"; };
		DC42F77C259284F1007DC03C /* Assets.xcassets */ = {isa = PBXFileReference; lastKnownFileType = folder.assetcatalog; path = Assets.xcassets; sourceTree = "<group>"; };
		DC42F77F259284F1007DC03C /* Base */ = {isa = PBXFileReference; lastKnownFileType = file.storyboard; name = Base; path = Base.lproj/LaunchScreen.storyboard; sourceTree = "<group>"; };
		DC42F781259284F1007DC03C /* Info.plist */ = {isa = PBXFileReference; lastKnownFileType = text.plist.xml; path = Info.plist; sourceTree = "<group>"; };
		DC42F786259284F1007DC03C /* iOS Example Tests.xctest */ = {isa = PBXFileReference; explicitFileType = wrapper.cfbundle; includeInIndex = 0; path = "iOS Example Tests.xctest"; sourceTree = BUILT_PRODUCTS_DIR; };
		DC42F78A259284F1007DC03C /* DitoSwiftSampleAppTests.swift */ = {isa = PBXFileReference; lastKnownFileType = sourcecode.swift; path = DitoSwiftSampleAppTests.swift; sourceTree = "<group>"; };
		DC42F78C259284F1007DC03C /* Info.plist */ = {isa = PBXFileReference; lastKnownFileType = text.plist.xml; path = Info.plist; sourceTree = "<group>"; };
		DC42F791259284F1007DC03C /* iOS Example UITests.xctest */ = {isa = PBXFileReference; explicitFileType = wrapper.cfbundle; includeInIndex = 0; path = "iOS Example UITests.xctest"; sourceTree = BUILT_PRODUCTS_DIR; };
		DC42F795259284F1007DC03C /* DitoSwiftSampleAppUITests.swift */ = {isa = PBXFileReference; lastKnownFileType = sourcecode.swift; path = DitoSwiftSampleAppUITests.swift; sourceTree = "<group>"; };
		DC42F797259284F1007DC03C /* Info.plist */ = {isa = PBXFileReference; lastKnownFileType = text.plist.xml; path = Info.plist; sourceTree = "<group>"; };
		DC6A757D25AE030700DD114B /* DitoSDK.framework */ = {isa = PBXFileReference; explicitFileType = wrapper.framework; path = DitoSDK.framework; sourceTree = BUILT_PRODUCTS_DIR; };
/* End PBXFileReference section */

/* Begin PBXFrameworksBuildPhase section */
		DC42F76A259284F0007DC03C /* Frameworks */ = {
			isa = PBXFrameworksBuildPhase;
			buildActionMask = 2147483647;
			files = (
				2CE857C425C36AE400BC4305 /* DitoSDK.framework in Frameworks */,
			);
			runOnlyForDeploymentPostprocessing = 0;
		};
		DC42F783259284F1007DC03C /* Frameworks */ = {
			isa = PBXFrameworksBuildPhase;
			buildActionMask = 2147483647;
			files = (
			);
			runOnlyForDeploymentPostprocessing = 0;
		};
		DC42F78E259284F1007DC03C /* Frameworks */ = {
			isa = PBXFrameworksBuildPhase;
			buildActionMask = 2147483647;
			files = (
			);
			runOnlyForDeploymentPostprocessing = 0;
		};
/* End PBXFrameworksBuildPhase section */

/* Begin PBXGroup section */
		DC42F764259284F0007DC03C = {
			isa = PBXGroup;
			children = (
				DC42F76F259284F0007DC03C /* iOS Example */,
				DC42F789259284F1007DC03C /* iOS Example Tests */,
				DC42F794259284F1007DC03C /* iOS Example UITests */,
				DC42F76E259284F0007DC03C /* Products */,
				DC6A757C25AE030700DD114B /* Frameworks */,
			);
			sourceTree = "<group>";
		};
		DC42F76E259284F0007DC03C /* Products */ = {
			isa = PBXGroup;
			children = (
				DC42F76D259284F0007DC03C /* iOS Example.app */,
				DC42F786259284F1007DC03C /* iOS Example Tests.xctest */,
				DC42F791259284F1007DC03C /* iOS Example UITests.xctest */,
			);
			name = Products;
			sourceTree = "<group>";
		};
		DC42F76F259284F0007DC03C /* iOS Example */ = {
			isa = PBXGroup;
			children = (
				2CE8576725C3459000BC4305 /* iOS Example.entitlements */,
				DC42F770259284F0007DC03C /* AppDelegate.swift */,
				DC42F772259284F0007DC03C /* SceneDelegate.swift */,
				DC42F774259284F0007DC03C /* ViewController.swift */,
				DC42F776259284F0007DC03C /* Main.storyboard */,
				DC42F77C259284F1007DC03C /* Assets.xcassets */,
				DC42F77E259284F1007DC03C /* LaunchScreen.storyboard */,
				DC42F781259284F1007DC03C /* Info.plist */,
			);
			path = "iOS Example";
			sourceTree = "<group>";
		};
		DC42F789259284F1007DC03C /* iOS Example Tests */ = {
			isa = PBXGroup;
			children = (
				DC42F78A259284F1007DC03C /* DitoSwiftSampleAppTests.swift */,
				DC42F78C259284F1007DC03C /* Info.plist */,
			);
			path = "iOS Example Tests";
			sourceTree = "<group>";
		};
		DC42F794259284F1007DC03C /* iOS Example UITests */ = {
			isa = PBXGroup;
			children = (
				DC42F795259284F1007DC03C /* DitoSwiftSampleAppUITests.swift */,
				DC42F797259284F1007DC03C /* Info.plist */,
			);
			path = "iOS Example UITests";
			sourceTree = "<group>";
		};
		DC6A757C25AE030700DD114B /* Frameworks */ = {
			isa = PBXGroup;
			children = (
				2CE857C325C36AE400BC4305 /* DitoSDK.framework */,
				DC6A757D25AE030700DD114B /* DitoSDK.framework */,
			);
			name = Frameworks;
			sourceTree = "<group>";
		};
/* End PBXGroup section */

/* Begin PBXNativeTarget section */
		DC42F76C259284F0007DC03C /* iOS Example */ = {
			isa = PBXNativeTarget;
			buildConfigurationList = DC42F79A259284F1007DC03C /* Build configuration list for PBXNativeTarget "iOS Example" */;
			buildPhases = (
				DC42F769259284F0007DC03C /* Sources */,
				DC42F76A259284F0007DC03C /* Frameworks */,
				DC42F76B259284F0007DC03C /* Resources */,
				2CE857C625C36AE400BC4305 /* Embed Frameworks */,
			);
			buildRules = (
			);
			dependencies = (
			);
			name = "iOS Example";
			productName = DitoSwiftSampleApp;
			productReference = DC42F76D259284F0007DC03C /* iOS Example.app */;
			productType = "com.apple.product-type.application";
		};
		DC42F785259284F1007DC03C /* iOS Example Tests */ = {
			isa = PBXNativeTarget;
			buildConfigurationList = DC42F79D259284F1007DC03C /* Build configuration list for PBXNativeTarget "iOS Example Tests" */;
			buildPhases = (
				DC42F782259284F1007DC03C /* Sources */,
				DC42F783259284F1007DC03C /* Frameworks */,
				DC42F784259284F1007DC03C /* Resources */,
			);
			buildRules = (
			);
			dependencies = (
				DC42F788259284F1007DC03C /* PBXTargetDependency */,
			);
			name = "iOS Example Tests";
			productName = DitoSwiftSampleAppTests;
			productReference = DC42F786259284F1007DC03C /* iOS Example Tests.xctest */;
			productType = "com.apple.product-type.bundle.unit-test";
		};
		DC42F790259284F1007DC03C /* iOS Example UITests */ = {
			isa = PBXNativeTarget;
			buildConfigurationList = DC42F7A0259284F1007DC03C /* Build configuration list for PBXNativeTarget "iOS Example UITests" */;
			buildPhases = (
				DC42F78D259284F1007DC03C /* Sources */,
				DC42F78E259284F1007DC03C /* Frameworks */,
				DC42F78F259284F1007DC03C /* Resources */,
			);
			buildRules = (
			);
			dependencies = (
				DC42F793259284F1007DC03C /* PBXTargetDependency */,
			);
			name = "iOS Example UITests";
			productName = DitoSwiftSampleAppUITests;
			productReference = DC42F791259284F1007DC03C /* iOS Example UITests.xctest */;
			productType = "com.apple.product-type.bundle.ui-testing";
		};
/* End PBXNativeTarget section */

/* Begin PBXProject section */
		DC42F765259284F0007DC03C /* Project object */ = {
			isa = PBXProject;
			attributes = {
				BuildIndependentTargetsInParallel = YES;
				LastSwiftUpdateCheck = 1230;
				LastUpgradeCheck = 1520;
				TargetAttributes = {
					DC42F76C259284F0007DC03C = {
						CreatedOnToolsVersion = 12.3;
					};
					DC42F785259284F1007DC03C = {
						CreatedOnToolsVersion = 12.3;
						TestTargetID = DC42F76C259284F0007DC03C;
					};
					DC42F790259284F1007DC03C = {
						CreatedOnToolsVersion = 12.3;
						TestTargetID = DC42F76C259284F0007DC03C;
					};
				};
			};
			buildConfigurationList = DC42F768259284F0007DC03C /* Build configuration list for PBXProject "iOS Example" */;
			compatibilityVersion = "Xcode 9.3";
			developmentRegion = en;
			hasScannedForEncodings = 0;
			knownRegions = (
				en,
				Base,
			);
			mainGroup = DC42F764259284F0007DC03C;
			productRefGroup = DC42F76E259284F0007DC03C /* Products */;
			projectDirPath = "";
			projectRoot = "";
			targets = (
				DC42F76C259284F0007DC03C /* iOS Example */,
				DC42F785259284F1007DC03C /* iOS Example Tests */,
				DC42F790259284F1007DC03C /* iOS Example UITests */,
			);
		};
/* End PBXProject section */

/* Begin PBXResourcesBuildPhase section */
		DC42F76B259284F0007DC03C /* Resources */ = {
			isa = PBXResourcesBuildPhase;
			buildActionMask = 2147483647;
			files = (
				DC42F780259284F1007DC03C /* LaunchScreen.storyboard in Resources */,
				DC42F77D259284F1007DC03C /* Assets.xcassets in Resources */,
				DC42F778259284F0007DC03C /* Main.storyboard in Resources */,
			);
			runOnlyForDeploymentPostprocessing = 0;
		};
		DC42F784259284F1007DC03C /* Resources */ = {
			isa = PBXResourcesBuildPhase;
			buildActionMask = 2147483647;
			files = (
			);
			runOnlyForDeploymentPostprocessing = 0;
		};
		DC42F78F259284F1007DC03C /* Resources */ = {
			isa = PBXResourcesBuildPhase;
			buildActionMask = 2147483647;
			files = (
			);
			runOnlyForDeploymentPostprocessing = 0;
		};
/* End PBXResourcesBuildPhase section */

/* Begin PBXSourcesBuildPhase section */
		DC42F769259284F0007DC03C /* Sources */ = {
			isa = PBXSourcesBuildPhase;
			buildActionMask = 2147483647;
			files = (
				DC42F775259284F0007DC03C /* ViewController.swift in Sources */,
				DC42F771259284F0007DC03C /* AppDelegate.swift in Sources */,
				DC42F773259284F0007DC03C /* SceneDelegate.swift in Sources */,
			);
			runOnlyForDeploymentPostprocessing = 0;
		};
		DC42F782259284F1007DC03C /* Sources */ = {
			isa = PBXSourcesBuildPhase;
			buildActionMask = 2147483647;
			files = (
				DC42F78B259284F1007DC03C /* DitoSwiftSampleAppTests.swift in Sources */,
			);
			runOnlyForDeploymentPostprocessing = 0;
		};
		DC42F78D259284F1007DC03C /* Sources */ = {
			isa = PBXSourcesBuildPhase;
			buildActionMask = 2147483647;
			files = (
				DC42F796259284F1007DC03C /* DitoSwiftSampleAppUITests.swift in Sources */,
			);
			runOnlyForDeploymentPostprocessing = 0;
		};
/* End PBXSourcesBuildPhase section */

/* Begin PBXTargetDependency section */
		DC42F788259284F1007DC03C /* PBXTargetDependency */ = {
			isa = PBXTargetDependency;
			target = DC42F76C259284F0007DC03C /* iOS Example */;
			targetProxy = DC42F787259284F1007DC03C /* PBXContainerItemProxy */;
		};
		DC42F793259284F1007DC03C /* PBXTargetDependency */ = {
			isa = PBXTargetDependency;
			target = DC42F76C259284F0007DC03C /* iOS Example */;
			targetProxy = DC42F792259284F1007DC03C /* PBXContainerItemProxy */;
		};
/* End PBXTargetDependency section */

/* Begin PBXVariantGroup section */
		DC42F776259284F0007DC03C /* Main.storyboard */ = {
			isa = PBXVariantGroup;
			children = (
				DC42F777259284F0007DC03C /* Base */,
			);
			name = Main.storyboard;
			sourceTree = "<group>";
		};
		DC42F77E259284F1007DC03C /* LaunchScreen.storyboard */ = {
			isa = PBXVariantGroup;
			children = (
				DC42F77F259284F1007DC03C /* Base */,
			);
			name = LaunchScreen.storyboard;
			sourceTree = "<group>";
		};
/* End PBXVariantGroup section */

/* Begin XCBuildConfiguration section */
		DC42F798259284F1007DC03C /* Debug */ = {
			isa = XCBuildConfiguration;
			buildSettings = {
				ALWAYS_SEARCH_USER_PATHS = NO;
				ASSETCATALOG_COMPILER_GENERATE_SWIFT_ASSET_SYMBOL_EXTENSIONS = YES;
				CLANG_ANALYZER_NONNULL = YES;
				CLANG_ANALYZER_NUMBER_OBJECT_CONVERSION = YES_AGGRESSIVE;
				CLANG_CXX_LANGUAGE_STANDARD = "gnu++14";
				CLANG_CXX_LIBRARY = "libc++";
				CLANG_ENABLE_MODULES = YES;
				CLANG_ENABLE_OBJC_ARC = YES;
				CLANG_ENABLE_OBJC_WEAK = YES;
				CLANG_WARN_BLOCK_CAPTURE_AUTORELEASING = YES;
				CLANG_WARN_BOOL_CONVERSION = YES;
				CLANG_WARN_COMMA = YES;
				CLANG_WARN_CONSTANT_CONVERSION = YES;
				CLANG_WARN_DEPRECATED_OBJC_IMPLEMENTATIONS = YES;
				CLANG_WARN_DIRECT_OBJC_ISA_USAGE = YES_ERROR;
				CLANG_WARN_DOCUMENTATION_COMMENTS = YES;
				CLANG_WARN_EMPTY_BODY = YES;
				CLANG_WARN_ENUM_CONVERSION = YES;
				CLANG_WARN_INFINITE_RECURSION = YES;
				CLANG_WARN_INT_CONVERSION = YES;
				CLANG_WARN_NON_LITERAL_NULL_CONVERSION = YES;
				CLANG_WARN_OBJC_IMPLICIT_RETAIN_SELF = YES;
				CLANG_WARN_OBJC_LITERAL_CONVERSION = YES;
				CLANG_WARN_OBJC_ROOT_CLASS = YES_ERROR;
				CLANG_WARN_QUOTED_INCLUDE_IN_FRAMEWORK_HEADER = YES;
				CLANG_WARN_RANGE_LOOP_ANALYSIS = YES;
				CLANG_WARN_STRICT_PROTOTYPES = YES;
				CLANG_WARN_SUSPICIOUS_MOVE = YES;
				CLANG_WARN_UNGUARDED_AVAILABILITY = YES_AGGRESSIVE;
				CLANG_WARN_UNREACHABLE_CODE = YES;
				CLANG_WARN__DUPLICATE_METHOD_MATCH = YES;
				COPY_PHASE_STRIP = NO;
				DEBUG_INFORMATION_FORMAT = dwarf;
				ENABLE_STRICT_OBJC_MSGSEND = YES;
				ENABLE_TESTABILITY = YES;
				ENABLE_USER_SCRIPT_SANDBOXING = YES;
				GCC_C_LANGUAGE_STANDARD = gnu11;
				GCC_DYNAMIC_NO_PIC = NO;
				GCC_NO_COMMON_BLOCKS = YES;
				GCC_OPTIMIZATION_LEVEL = 0;
				GCC_PREPROCESSOR_DEFINITIONS = (
					"DEBUG=1",
					"$(inherited)",
				);
				GCC_WARN_64_TO_32_BIT_CONVERSION = YES;
				GCC_WARN_ABOUT_RETURN_TYPE = YES_ERROR;
				GCC_WARN_UNDECLARED_SELECTOR = YES;
				GCC_WARN_UNINITIALIZED_AUTOS = YES_AGGRESSIVE;
				GCC_WARN_UNUSED_FUNCTION = YES;
				GCC_WARN_UNUSED_VARIABLE = YES;
				IPHONEOS_DEPLOYMENT_TARGET = 14.3;
				MTL_ENABLE_DEBUG_INFO = INCLUDE_SOURCE;
				MTL_FAST_MATH = YES;
				ONLY_ACTIVE_ARCH = YES;
				SDKROOT = iphoneos;
				SWIFT_ACTIVE_COMPILATION_CONDITIONS = "";
				SWIFT_OPTIMIZATION_LEVEL = "-Onone";
			};
			name = Debug;
		};
		DC42F799259284F1007DC03C /* Release */ = {
			isa = XCBuildConfiguration;
			buildSettings = {
				ALWAYS_SEARCH_USER_PATHS = NO;
				ASSETCATALOG_COMPILER_GENERATE_SWIFT_ASSET_SYMBOL_EXTENSIONS = YES;
				CLANG_ANALYZER_NONNULL = YES;
				CLANG_ANALYZER_NUMBER_OBJECT_CONVERSION = YES_AGGRESSIVE;
				CLANG_CXX_LANGUAGE_STANDARD = "gnu++14";
				CLANG_CXX_LIBRARY = "libc++";
				CLANG_ENABLE_MODULES = YES;
				CLANG_ENABLE_OBJC_ARC = YES;
				CLANG_ENABLE_OBJC_WEAK = YES;
				CLANG_WARN_BLOCK_CAPTURE_AUTORELEASING = YES;
				CLANG_WARN_BOOL_CONVERSION = YES;
				CLANG_WARN_COMMA = YES;
				CLANG_WARN_CONSTANT_CONVERSION = YES;
				CLANG_WARN_DEPRECATED_OBJC_IMPLEMENTATIONS = YES;
				CLANG_WARN_DIRECT_OBJC_ISA_USAGE = YES_ERROR;
				CLANG_WARN_DOCUMENTATION_COMMENTS = YES;
				CLANG_WARN_EMPTY_BODY = YES;
				CLANG_WARN_ENUM_CONVERSION = YES;
				CLANG_WARN_INFINITE_RECURSION = YES;
				CLANG_WARN_INT_CONVERSION = YES;
				CLANG_WARN_NON_LITERAL_NULL_CONVERSION = YES;
				CLANG_WARN_OBJC_IMPLICIT_RETAIN_SELF = YES;
				CLANG_WARN_OBJC_LITERAL_CONVERSION = YES;
				CLANG_WARN_OBJC_ROOT_CLASS = YES_ERROR;
				CLANG_WARN_QUOTED_INCLUDE_IN_FRAMEWORK_HEADER = YES;
				CLANG_WARN_RANGE_LOOP_ANALYSIS = YES;
				CLANG_WARN_STRICT_PROTOTYPES = YES;
				CLANG_WARN_SUSPICIOUS_MOVE = YES;
				CLANG_WARN_UNGUARDED_AVAILABILITY = YES_AGGRESSIVE;
				CLANG_WARN_UNREACHABLE_CODE = YES;
				CLANG_WARN__DUPLICATE_METHOD_MATCH = YES;
				COPY_PHASE_STRIP = NO;
				DEBUG_INFORMATION_FORMAT = "dwarf-with-dsym";
				ENABLE_NS_ASSERTIONS = NO;
				ENABLE_STRICT_OBJC_MSGSEND = YES;
				ENABLE_USER_SCRIPT_SANDBOXING = YES;
				GCC_C_LANGUAGE_STANDARD = gnu11;
				GCC_NO_COMMON_BLOCKS = YES;
				GCC_WARN_64_TO_32_BIT_CONVERSION = YES;
				GCC_WARN_ABOUT_RETURN_TYPE = YES_ERROR;
				GCC_WARN_UNDECLARED_SELECTOR = YES;
				GCC_WARN_UNINITIALIZED_AUTOS = YES_AGGRESSIVE;
				GCC_WARN_UNUSED_FUNCTION = YES;
				GCC_WARN_UNUSED_VARIABLE = YES;
				IPHONEOS_DEPLOYMENT_TARGET = 14.3;
				MTL_ENABLE_DEBUG_INFO = NO;
				MTL_FAST_MATH = YES;
				SDKROOT = iphoneos;
				SWIFT_COMPILATION_MODE = wholemodule;
				SWIFT_OPTIMIZATION_LEVEL = "-O";
				VALIDATE_PRODUCT = YES;
			};
			name = Release;
		};
		DC42F79B259284F1007DC03C /* Debug */ = {
			isa = XCBuildConfiguration;
			buildSettings = {
				ASSETCATALOG_COMPILER_APPICON_NAME = AppIcon;
				ASSETCATALOG_COMPILER_GLOBAL_ACCENT_COLOR_NAME = AccentColor;
				CODE_SIGN_ENTITLEMENTS = "iOS Example/iOS Example.entitlements";
				CODE_SIGN_IDENTITY = "Apple Development";
				CODE_SIGN_STYLE = Automatic;
				DEVELOPMENT_TEAM = "";
				FRAMEWORK_SEARCH_PATHS = "";
				INFOPLIST_FILE = "iOS Example/Info.plist";
				IPHONEOS_DEPLOYMENT_TARGET = 14.3;
				LD_RUNPATH_SEARCH_PATHS = (
					"$(inherited)",
					"@executable_path/Frameworks",
				);
				PRODUCT_BUNDLE_IDENTIFIER = br.com.dito.sdk.swift.iOSExample;
				PRODUCT_NAME = "$(TARGET_NAME)";
				SWIFT_VERSION = 5.0;
				TARGETED_DEVICE_FAMILY = "1,2";
			};
			name = Debug;
		};
		DC42F79C259284F1007DC03C /* Release */ = {
			isa = XCBuildConfiguration;
			buildSettings = {
				ASSETCATALOG_COMPILER_APPICON_NAME = AppIcon;
				ASSETCATALOG_COMPILER_GLOBAL_ACCENT_COLOR_NAME = AccentColor;
				CODE_SIGN_ENTITLEMENTS = "iOS Example/iOS Example.entitlements";
				CODE_SIGN_IDENTITY = "Apple Development";
				CODE_SIGN_STYLE = Automatic;
				DEVELOPMENT_TEAM = "";
				FRAMEWORK_SEARCH_PATHS = "";
				INFOPLIST_FILE = "iOS Example/Info.plist";
				IPHONEOS_DEPLOYMENT_TARGET = 14.3;
				LD_RUNPATH_SEARCH_PATHS = (
					"$(inherited)",
					"@executable_path/Frameworks",
				);
				PRODUCT_BUNDLE_IDENTIFIER = br.com.dito.sdk.swift.iOSExample;
				PRODUCT_NAME = "$(TARGET_NAME)";
				PROVISIONING_PROFILE_SPECIFIER = "";
				SWIFT_VERSION = 5.0;
				TARGETED_DEVICE_FAMILY = "1,2";
			};
			name = Release;
		};
		DC42F79E259284F1007DC03C /* Debug */ = {
			isa = XCBuildConfiguration;
			buildSettings = {
				ALWAYS_EMBED_SWIFT_STANDARD_LIBRARIES = YES;
				BUNDLE_LOADER = "$(TEST_HOST)";
				CODE_SIGN_STYLE = Automatic;
				DEVELOPMENT_TEAM = SZ47DFV434;
				INFOPLIST_FILE = "iOS Example/Info.plist";
				IPHONEOS_DEPLOYMENT_TARGET = 14.3;
				LD_RUNPATH_SEARCH_PATHS = (
					"$(inherited)",
					"@executable_path/Frameworks",
					"@loader_path/Frameworks",
				);
				PRODUCT_BUNDLE_IDENTIFIER = br.com.dito.sdk.swift.iOS_Example_Tests;
				PRODUCT_NAME = "$(TARGET_NAME)";
				SWIFT_VERSION = 5.0;
				TARGETED_DEVICE_FAMILY = "1,2";
				TEST_HOST = "$(BUILT_PRODUCTS_DIR)/iOS Example.app/iOS Example";
			};
			name = Debug;
		};
		DC42F79F259284F1007DC03C /* Release */ = {
			isa = XCBuildConfiguration;
			buildSettings = {
				ALWAYS_EMBED_SWIFT_STANDARD_LIBRARIES = YES;
				BUNDLE_LOADER = "$(TEST_HOST)";
				CODE_SIGN_STYLE = Automatic;
				DEVELOPMENT_TEAM = SZ47DFV434;
				INFOPLIST_FILE = "iOS Example/Info.plist";
				IPHONEOS_DEPLOYMENT_TARGET = 14.3;
				LD_RUNPATH_SEARCH_PATHS = (
					"$(inherited)",
					"@executable_path/Frameworks",
					"@loader_path/Frameworks",
				);
				PRODUCT_BUNDLE_IDENTIFIER = br.com.dito.sdk.swift.iOS_Example_Tests;
				PRODUCT_NAME = "$(TARGET_NAME)";
				SWIFT_VERSION = 5.0;
				TARGETED_DEVICE_FAMILY = "1,2";
				TEST_HOST = "$(BUILT_PRODUCTS_DIR)/iOS Example.app/iOS Example";
			};
			name = Release;
		};
		DC42F7A1259284F1007DC03C /* Debug */ = {
			isa = XCBuildConfiguration;
			buildSettings = {
				ALWAYS_EMBED_SWIFT_STANDARD_LIBRARIES = YES;
				CODE_SIGN_STYLE = Automatic;
				DEVELOPMENT_TEAM = SZ47DFV434;
				INFOPLIST_FILE = "iOS Example UITests/Info.plist";
				LD_RUNPATH_SEARCH_PATHS = (
					"$(inherited)",
					"@executable_path/Frameworks",
					"@loader_path/Frameworks",
				);
				PRODUCT_BUNDLE_IDENTIFIER = br.com.dito.sdk.swift.iOS_Example_UITests;
				PRODUCT_NAME = "$(TARGET_NAME)";
				SWIFT_VERSION = 5.0;
				TARGETED_DEVICE_FAMILY = "1,2";
				TEST_TARGET_NAME = "iOS Example UITests";
			};
			name = Debug;
		};
		DC42F7A2259284F1007DC03C /* Release */ = {
			isa = XCBuildConfiguration;
			buildSettings = {
				ALWAYS_EMBED_SWIFT_STANDARD_LIBRARIES = YES;
				CODE_SIGN_STYLE = Automatic;
				DEVELOPMENT_TEAM = SZ47DFV434;
				INFOPLIST_FILE = "iOS Example UITests/Info.plist";
				LD_RUNPATH_SEARCH_PATHS = (
					"$(inherited)",
					"@executable_path/Frameworks",
					"@loader_path/Frameworks",
				);
				PRODUCT_BUNDLE_IDENTIFIER = br.com.dito.sdk.swift.iOS_Example_UITests;
				PRODUCT_NAME = "$(TARGET_NAME)";
				SWIFT_VERSION = 5.0;
				TARGETED_DEVICE_FAMILY = "1,2";
				TEST_TARGET_NAME = "iOS Example UITests";
			};
			name = Release;
		};
/* End XCBuildConfiguration section */

/* Begin XCConfigurationList section */
		DC42F768259284F0007DC03C /* Build configuration list for PBXProject "iOS Example" */ = {
			isa = XCConfigurationList;
			buildConfigurations = (
				DC42F798259284F1007DC03C /* Debug */,
				DC42F799259284F1007DC03C /* Release */,
			);
			defaultConfigurationIsVisible = 0;
			defaultConfigurationName = Release;
		};
		DC42F79A259284F1007DC03C /* Build configuration list for PBXNativeTarget "iOS Example" */ = {
			isa = XCConfigurationList;
			buildConfigurations = (
				DC42F79B259284F1007DC03C /* Debug */,
				DC42F79C259284F1007DC03C /* Release */,
			);
			defaultConfigurationIsVisible = 0;
			defaultConfigurationName = Release;
		};
		DC42F79D259284F1007DC03C /* Build configuration list for PBXNativeTarget "iOS Example Tests" */ = {
			isa = XCConfigurationList;
			buildConfigurations = (
				DC42F79E259284F1007DC03C /* Debug */,
				DC42F79F259284F1007DC03C /* Release */,
			);
			defaultConfigurationIsVisible = 0;
			defaultConfigurationName = Release;
		};
		DC42F7A0259284F1007DC03C /* Build configuration list for PBXNativeTarget "iOS Example UITests" */ = {
			isa = XCConfigurationList;
			buildConfigurations = (
				DC42F7A1259284F1007DC03C /* Debug */,
				DC42F7A2259284F1007DC03C /* Release */,
			);
			defaultConfigurationIsVisible = 0;
			defaultConfigurationName = Release;
		};
/* End XCConfigurationList section */
	};
	rootObject = DC42F765259284F0007DC03C /* Project object */;
}
